// !$*UTF8*$!
{
	archiveVersion = 1;
	classes = {
	};
	objectVersion = 50;
	objects = {

/* Begin PBXBuildFile section */
		03403993244D300E00896919 /* main.c in Sources */ = {isa = PBXBuildFile; fileRef = 03403992244D300E00896919 /* main.c */; };
		034039A0244D302A00896919 /* T75-sort-colors.c in Sources */ = {isa = PBXBuildFile; fileRef = 0340399C244D302A00896919 /* T75-sort-colors.c */; };
		034039A1244D302B00896919 /* T16-sub-sort-lcci.c in Sources */ = {isa = PBXBuildFile; fileRef = 0340399D244D302A00896919 /* T16-sub-sort-lcci.c */; };
		034039A2244D302B00896919 /* T88-merge-sorted-array.c in Sources */ = {isa = PBXBuildFile; fileRef = 0340399E244D302A00896919 /* T88-merge-sorted-array.c */; };
		035A4026244F330900CAFCCF /* T977-squares-of-a-sorted-array.c in Sources */ = {isa = PBXBuildFile; fileRef = 035A4025244F330900CAFCCF /* T977-squares-of-a-sorted-array.c */; };
		035A402A244F355000CAFCCF /* T203-remove-linked-list-elements.c in Sources */ = {isa = PBXBuildFile; fileRef = 035A4029244F355000CAFCCF /* T203-remove-linked-list-elements.c */; };
		03AA31D5244DF66D008B0B20 /* T164-maximum-gap.c in Sources */ = {isa = PBXBuildFile; fileRef = 03AA31D4244DF66D008B0B20 /* T164-maximum-gap.c */; };
		03F935872450732100FCF702 /* T2-add-two-numbers.c in Sources */ = {isa = PBXBuildFile; fileRef = 03F935862450732000FCF702 /* T2-add-two-numbers.c */; };
		03F9358A24508A3E00FCF702 /* T160-intersection-of-two-linked-lists.c in Sources */ = {isa = PBXBuildFile; fileRef = 03F9358924508A3E00FCF702 /* T160-intersection-of-two-linked-lists.c */; };
/* End PBXBuildFile section */

/* Begin PBXCopyFilesBuildPhase section */
		0340398D244D300E00896919 /* CopyFiles */ = {
			isa = PBXCopyFilesBuildPhase;
			buildActionMask = 2147483647;
			dstPath = /usr/share/man/man1/;
			dstSubfolderSpec = 0;
			files = (
			);
			runOnlyForDeploymentPostprocessing = 1;
		};
/* End PBXCopyFilesBuildPhase section */

/* Begin PBXFileReference section */
		0340398F244D300E00896919 /* algorithm */ = {isa = PBXFileReference; explicitFileType = "compiled.mach-o.executable"; includeInIndex = 0; path = algorithm; sourceTree = BUILT_PRODUCTS_DIR; };
		03403992244D300E00896919 /* main.c */ = {isa = PBXFileReference; lastKnownFileType = sourcecode.c.c; path = main.c; sourceTree = "<group>"; };
		0340399A244D302A00896919 /* T16-sub-sort-lcci.h */ = {isa = PBXFileReference; fileEncoding = 4; lastKnownFileType = sourcecode.c.h; path = "T16-sub-sort-lcci.h"; sourceTree = "<group>"; };
		0340399B244D302A00896919 /* T88-merge-sorted-array.h */ = {isa = PBXFileReference; fileEncoding = 4; lastKnownFileType = sourcecode.c.h; path = "T88-merge-sorted-array.h"; sourceTree = "<group>"; };
		0340399C244D302A00896919 /* T75-sort-colors.c */ = {isa = PBXFileReference; fileEncoding = 4; lastKnownFileType = sourcecode.c.c; path = "T75-sort-colors.c"; sourceTree = "<group>"; };
		0340399D244D302A00896919 /* T16-sub-sort-lcci.c */ = {isa = PBXFileReference; fileEncoding = 4; lastKnownFileType = sourcecode.c.c; path = "T16-sub-sort-lcci.c"; sourceTree = "<group>"; };
		0340399E244D302A00896919 /* T88-merge-sorted-array.c */ = {isa = PBXFileReference; fileEncoding = 4; lastKnownFileType = sourcecode.c.c; path = "T88-merge-sorted-array.c"; sourceTree = "<group>"; };
		0340399F244D302A00896919 /* T75-sort-colors.h */ = {isa = PBXFileReference; fileEncoding = 4; lastKnownFileType = sourcecode.c.h; path = "T75-sort-colors.h"; sourceTree = "<group>"; };
		035A4024244F330900CAFCCF /* T977-squares-of-a-sorted-array.h */ = {isa = PBXFileReference; lastKnownFileType = sourcecode.c.h; path = "T977-squares-of-a-sorted-array.h"; sourceTree = "<group>"; };
		035A4025244F330900CAFCCF /* T977-squares-of-a-sorted-array.c */ = {isa = PBXFileReference; lastKnownFileType = sourcecode.c.c; path = "T977-squares-of-a-sorted-array.c"; sourceTree = "<group>"; };
		035A4028244F355000CAFCCF /* T203-remove-linked-list-elements.h */ = {isa = PBXFileReference; lastKnownFileType = sourcecode.c.h; path = "T203-remove-linked-list-elements.h"; sourceTree = "<group>"; };
		035A4029244F355000CAFCCF /* T203-remove-linked-list-elements.c */ = {isa = PBXFileReference; lastKnownFileType = sourcecode.c.c; path = "T203-remove-linked-list-elements.c"; sourceTree = "<group>"; };
		035A402B244F37E400CAFCCF /* linked-list-common.h */ = {isa = PBXFileReference; lastKnownFileType = sourcecode.c.h; path = "linked-list-common.h"; sourceTree = "<group>"; };
		03AA31D3244DF66D008B0B20 /* T164-maximum-gap.h */ = {isa = PBXFileReference; lastKnownFileType = sourcecode.c.h; path = "T164-maximum-gap.h"; sourceTree = "<group>"; };
		03AA31D4244DF66D008B0B20 /* T164-maximum-gap.c */ = {isa = PBXFileReference; lastKnownFileType = sourcecode.c.c; path = "T164-maximum-gap.c"; sourceTree = "<group>"; };
		03F935852450732000FCF702 /* T2-add-two-numbers.h */ = {isa = PBXFileReference; lastKnownFileType = sourcecode.c.h; path = "T2-add-two-numbers.h"; sourceTree = "<group>"; };
		03F935862450732000FCF702 /* T2-add-two-numbers.c */ = {isa = PBXFileReference; lastKnownFileType = sourcecode.c.c; path = "T2-add-two-numbers.c"; sourceTree = "<group>"; };
		03F9358824508A3E00FCF702 /* T160-intersection-of-two-linked-lists.h */ = {isa = PBXFileReference; lastKnownFileType = sourcecode.c.h; path = "T160-intersection-of-two-linked-lists.h"; sourceTree = "<group>"; };
		03F9358924508A3E00FCF702 /* T160-intersection-of-two-linked-lists.c */ = {isa = PBXFileReference; lastKnownFileType = sourcecode.c.c; path = "T160-intersection-of-two-linked-lists.c"; sourceTree = "<group>"; };
/* End PBXFileReference section */

/* Begin PBXFrameworksBuildPhase section */
		0340398C244D300E00896919 /* Frameworks */ = {
			isa = PBXFrameworksBuildPhase;
			buildActionMask = 2147483647;
			files = (
			);
			runOnlyForDeploymentPostprocessing = 0;
		};
/* End PBXFrameworksBuildPhase section */

/* Begin PBXGroup section */
		03403986244D300E00896919 = {
			isa = PBXGroup;
			children = (
				03403991244D300E00896919 /* algorithm */,
				03403990244D300E00896919 /* Products */,
			);
			sourceTree = "<group>";
		};
		03403990244D300E00896919 /* Products */ = {
			isa = PBXGroup;
			children = (
				0340398F244D300E00896919 /* algorithm */,
			);
			name = Products;
			sourceTree = "<group>";
		};
		03403991244D300E00896919 /* algorithm */ = {
			isa = PBXGroup;
			children = (
				035A4027244F352300CAFCCF /* linked-list */,
				03403999244D302A00896919 /* array-sort */,
				03403992244D300E00896919 /* main.c */,
			);
			path = algorithm;
			sourceTree = "<group>";
		};
		03403999244D302A00896919 /* array-sort */ = {
			isa = PBXGroup;
			children = (
				0340399A244D302A00896919 /* T16-sub-sort-lcci.h */,
				0340399D244D302A00896919 /* T16-sub-sort-lcci.c */,
				0340399B244D302A00896919 /* T88-merge-sorted-array.h */,
				0340399E244D302A00896919 /* T88-merge-sorted-array.c */,
				0340399C244D302A00896919 /* T75-sort-colors.c */,
				0340399F244D302A00896919 /* T75-sort-colors.h */,
				03AA31D3244DF66D008B0B20 /* T164-maximum-gap.h */,
				03AA31D4244DF66D008B0B20 /* T164-maximum-gap.c */,
				035A4024244F330900CAFCCF /* T977-squares-of-a-sorted-array.h */,
				035A4025244F330900CAFCCF /* T977-squares-of-a-sorted-array.c */,
			);
			path = "array-sort";
			sourceTree = "<group>";
		};
		035A4027244F352300CAFCCF /* linked-list */ = {
			isa = PBXGroup;
			children = (
				035A4028244F355000CAFCCF /* T203-remove-linked-list-elements.h */,
				035A4029244F355000CAFCCF /* T203-remove-linked-list-elements.c */,
				035A402B244F37E400CAFCCF /* linked-list-common.h */,
				03F935852450732000FCF702 /* T2-add-two-numbers.h */,
				03F935862450732000FCF702 /* T2-add-two-numbers.c */,
				03F9358824508A3E00FCF702 /* T160-intersection-of-two-linked-lists.h */,
				03F9358924508A3E00FCF702 /* T160-intersection-of-two-linked-lists.c */,
			);
			path = "linked-list";
			sourceTree = "<group>";
		};
/* End PBXGroup section */

/* Begin PBXNativeTarget section */
		0340398E244D300E00896919 /* algorithm */ = {
			isa = PBXNativeTarget;
			buildConfigurationList = 03403996244D300E00896919 /* Build configuration list for PBXNativeTarget "algorithm" */;
			buildPhases = (
				0340398B244D300E00896919 /* Sources */,
				0340398C244D300E00896919 /* Frameworks */,
				0340398D244D300E00896919 /* CopyFiles */,
			);
			buildRules = (
			);
			dependencies = (
			);
			name = algorithm;
			productName = algorithm;
			productReference = 0340398F244D300E00896919 /* algorithm */;
			productType = "com.apple.product-type.tool";
		};
/* End PBXNativeTarget section */

/* Begin PBXProject section */
		03403987244D300E00896919 /* Project object */ = {
			isa = PBXProject;
			attributes = {
				LastUpgradeCheck = 1140;
				ORGANIZATIONNAME = Ankui;
				TargetAttributes = {
					0340398E244D300E00896919 = {
						CreatedOnToolsVersion = 11.4.1;
					};
				};
			};
			buildConfigurationList = 0340398A244D300E00896919 /* Build configuration list for PBXProject "algorithm" */;
			compatibilityVersion = "Xcode 9.3";
			developmentRegion = en;
			hasScannedForEncodings = 0;
			knownRegions = (
				en,
				Base,
			);
			mainGroup = 03403986244D300E00896919;
			productRefGroup = 03403990244D300E00896919 /* Products */;
			projectDirPath = "";
			projectRoot = "";
			targets = (
				0340398E244D300E00896919 /* algorithm */,
			);
		};
/* End PBXProject section */

/* Begin PBXSourcesBuildPhase section */
		0340398B244D300E00896919 /* Sources */ = {
			isa = PBXSourcesBuildPhase;
			buildActionMask = 2147483647;
			files = (
				035A4026244F330900CAFCCF /* T977-squares-of-a-sorted-array.c in Sources */,
				03F935872450732100FCF702 /* T2-add-two-numbers.c in Sources */,
				034039A2244D302B00896919 /* T88-merge-sorted-array.c in Sources */,
				03AA31D5244DF66D008B0B20 /* T164-maximum-gap.c in Sources */,
				034039A0244D302A00896919 /* T75-sort-colors.c in Sources */,
				03403993244D300E00896919 /* main.c in Sources */,
				03F9358A24508A3E00FCF702 /* T160-intersection-of-two-linked-lists.c in Sources */,
				035A402A244F355000CAFCCF /* T203-remove-linked-list-elements.c in Sources */,
				034039A1244D302B00896919 /* T16-sub-sort-lcci.c in Sources */,
			);
			runOnlyForDeploymentPostprocessing = 0;
		};
/* End PBXSourcesBuildPhase section */

/* Begin XCBuildConfiguration section */
		03403994244D300E00896919 /* Debug */ = {
			isa = XCBuildConfiguration;
			buildSettings = {
				ALWAYS_SEARCH_USER_PATHS = NO;
				CLANG_ANALYZER_NONNULL = YES;
				CLANG_ANALYZER_NUMBER_OBJECT_CONVERSION = YES_AGGRESSIVE;
				CLANG_CXX_LANGUAGE_STANDARD = "gnu++14";
				CLANG_CXX_LIBRARY = "libc++";
				CLANG_ENABLE_MODULES = YES;
				CLANG_ENABLE_OBJC_ARC = YES;
				CLANG_ENABLE_OBJC_WEAK = YES;
				CLANG_WARN_BLOCK_CAPTURE_AUTORELEASING = YES;
				CLANG_WARN_BOOL_CONVERSION = YES;
				CLANG_WARN_COMMA = YES;
				CLANG_WARN_CONSTANT_CONVERSION = YES;
				CLANG_WARN_DEPRECATED_OBJC_IMPLEMENTATIONS = YES;
				CLANG_WARN_DIRECT_OBJC_ISA_USAGE = YES_ERROR;
				CLANG_WARN_DOCUMENTATION_COMMENTS = YES;
				CLANG_WARN_EMPTY_BODY = YES;
				CLANG_WARN_ENUM_CONVERSION = YES;
				CLANG_WARN_INFINITE_RECURSION = YES;
				CLANG_WARN_INT_CONVERSION = YES;
				CLANG_WARN_NON_LITERAL_NULL_CONVERSION = YES;
				CLANG_WARN_OBJC_IMPLICIT_RETAIN_SELF = YES;
				CLANG_WARN_OBJC_LITERAL_CONVERSION = YES;
				CLANG_WARN_OBJC_ROOT_CLASS = YES_ERROR;
				CLANG_WARN_RANGE_LOOP_ANALYSIS = YES;
				CLANG_WARN_STRICT_PROTOTYPES = YES;
				CLANG_WARN_SUSPICIOUS_MOVE = YES;
				CLANG_WARN_UNGUARDED_AVAILABILITY = YES_AGGRESSIVE;
				CLANG_WARN_UNREACHABLE_CODE = YES;
				CLANG_WARN__DUPLICATE_METHOD_MATCH = YES;
				COPY_PHASE_STRIP = NO;
				DEBUG_INFORMATION_FORMAT = dwarf;
				ENABLE_STRICT_OBJC_MSGSEND = YES;
				ENABLE_TESTABILITY = YES;
				GCC_C_LANGUAGE_STANDARD = gnu11;
				GCC_DYNAMIC_NO_PIC = NO;
				GCC_NO_COMMON_BLOCKS = YES;
				GCC_OPTIMIZATION_LEVEL = 0;
				GCC_PREPROCESSOR_DEFINITIONS = (
					"DEBUG=1",
					"$(inherited)",
				);
				GCC_WARN_64_TO_32_BIT_CONVERSION = YES;
				GCC_WARN_ABOUT_RETURN_TYPE = YES_ERROR;
				GCC_WARN_UNDECLARED_SELECTOR = YES;
				GCC_WARN_UNINITIALIZED_AUTOS = YES_AGGRESSIVE;
				GCC_WARN_UNUSED_FUNCTION = YES;
				GCC_WARN_UNUSED_VARIABLE = YES;
				MACOSX_DEPLOYMENT_TARGET = 10.15;
				MTL_ENABLE_DEBUG_INFO = INCLUDE_SOURCE;
				MTL_FAST_MATH = YES;
				ONLY_ACTIVE_ARCH = YES;
				SDKROOT = macosx;
			};
			name = Debug;
		};
		03403995244D300E00896919 /* Release */ = {
			isa = XCBuildConfiguration;
			buildSettings = {
				ALWAYS_SEARCH_USER_PATHS = NO;
				CLANG_ANALYZER_NONNULL = YES;
				CLANG_ANALYZER_NUMBER_OBJECT_CONVERSION = YES_AGGRESSIVE;
				CLANG_CXX_LANGUAGE_STANDARD = "gnu++14";
				CLANG_CXX_LIBRARY = "libc++";
				CLANG_ENABLE_MODULES = YES;
				CLANG_ENABLE_OBJC_ARC = YES;
				CLANG_ENABLE_OBJC_WEAK = YES;
				CLANG_WARN_BLOCK_CAPTURE_AUTORELEASING = YES;
				CLANG_WARN_BOOL_CONVERSION = YES;
				CLANG_WARN_COMMA = YES;
				CLANG_WARN_CONSTANT_CONVERSION = YES;
				CLANG_WARN_DEPRECATED_OBJC_IMPLEMENTATIONS = YES;
				CLANG_WARN_DIRECT_OBJC_ISA_USAGE = YES_ERROR;
				CLANG_WARN_DOCUMENTATION_COMMENTS = YES;
				CLANG_WARN_EMPTY_BODY = YES;
				CLANG_WARN_ENUM_CONVERSION = YES;
				CLANG_WARN_INFINITE_RECURSION = YES;
				CLANG_WARN_INT_CONVERSION = YES;
				CLANG_WARN_NON_LITERAL_NULL_CONVERSION = YES;
				CLANG_WARN_OBJC_IMPLICIT_RETAIN_SELF = YES;
				CLANG_WARN_OBJC_LITERAL_CONVERSION = YES;
				CLANG_WARN_OBJC_ROOT_CLASS = YES_ERROR;
				CLANG_WARN_RANGE_LOOP_ANALYSIS = YES;
				CLANG_WARN_STRICT_PROTOTYPES = YES;
				CLANG_WARN_SUSPICIOUS_MOVE = YES;
				CLANG_WARN_UNGUARDED_AVAILABILITY = YES_AGGRESSIVE;
				CLANG_WARN_UNREACHABLE_CODE = YES;
				CLANG_WARN__DUPLICATE_METHOD_MATCH = YES;
				COPY_PHASE_STRIP = NO;
				DEBUG_INFORMATION_FORMAT = "dwarf-with-dsym";
				ENABLE_NS_ASSERTIONS = NO;
				ENABLE_STRICT_OBJC_MSGSEND = YES;
				GCC_C_LANGUAGE_STANDARD = gnu11;
				GCC_NO_COMMON_BLOCKS = YES;
				GCC_WARN_64_TO_32_BIT_CONVERSION = YES;
				GCC_WARN_ABOUT_RETURN_TYPE = YES_ERROR;
				GCC_WARN_UNDECLARED_SELECTOR = YES;
				GCC_WARN_UNINITIALIZED_AUTOS = YES_AGGRESSIVE;
				GCC_WARN_UNUSED_FUNCTION = YES;
				GCC_WARN_UNUSED_VARIABLE = YES;
				MACOSX_DEPLOYMENT_TARGET = 10.15;
				MTL_ENABLE_DEBUG_INFO = NO;
				MTL_FAST_MATH = YES;
				SDKROOT = macosx;
			};
			name = Release;
		};
		03403997244D300E00896919 /* Debug */ = {
			isa = XCBuildConfiguration;
			buildSettings = {
				CODE_SIGN_STYLE = Automatic;
				PRODUCT_NAME = "$(TARGET_NAME)";
			};
			name = Debug;
		};
		03403998244D300E00896919 /* Release */ = {
			isa = XCBuildConfiguration;
			buildSettings = {
				CODE_SIGN_STYLE = Automatic;
				PRODUCT_NAME = "$(TARGET_NAME)";
			};
			name = Release;
		};
/* End XCBuildConfiguration section */

/* Begin XCConfigurationList section */
		0340398A244D300E00896919 /* Build configuration list for PBXProject "algorithm" */ = {
			isa = XCConfigurationList;
			buildConfigurations = (
				03403994244D300E00896919 /* Debug */,
				03403995244D300E00896919 /* Release */,
			);
			defaultConfigurationIsVisible = 0;
			defaultConfigurationName = Release;
		};
		03403996244D300E00896919 /* Build configuration list for PBXNativeTarget "algorithm" */ = {
			isa = XCConfigurationList;
			buildConfigurations = (
				03403997244D300E00896919 /* Debug */,
				03403998244D300E00896919 /* Release */,
			);
			defaultConfigurationIsVisible = 0;
			defaultConfigurationName = Release;
		};
/* End XCConfigurationList section */
	};
	rootObject = 03403987244D300E00896919 /* Project object */;
}
