// !$*UTF8*$!
{
	archiveVersion = 1;
	classes = {
	};
	objectVersion = 50;
	objects = {

/* Begin PBXBuildFile section */
		0300364F2451C7E80026657D /* T86-partition-list.c in Sources */ = {isa = PBXBuildFile; fileRef = 0300364E2451C7E80026657D /* T86-partition-list.c */; };
		030036522451D0CD0026657D /* T234-palindrome-linked-list.c in Sources */ = {isa = PBXBuildFile; fileRef = 030036512451D0CD0026657D /* T234-palindrome-linked-list.c */; };
		031552EE2467F9C4001C70B1 /* T21-merge-two-sorted-lists.c in Sources */ = {isa = PBXBuildFile; fileRef = 031552ED2467F9C4001C70B1 /* T21-merge-two-sorted-lists.c */; };
		031552F1246805B2001C70B1 /* T23-merge-k-sorted-lists.c in Sources */ = {isa = PBXBuildFile; fileRef = 031552F0246805B2001C70B1 /* T23-merge-k-sorted-lists.c */; };
		031552F424684B9C001C70B1 /* T150-evaluate-reverse-polish-notation.c in Sources */ = {isa = PBXBuildFile; fileRef = 031552F324684B9C001C70B1 /* T150-evaluate-reverse-polish-notation.c */; };
		03211BA4245721E400632DD8 /* T242-valid-anagram.c in Sources */ = {isa = PBXBuildFile; fileRef = 03211BA3245721E400632DD8 /* T242-valid-anagram.c */; };
		03298524246965D100A7D5A8 /* T98-validate-binary-search-tree.c in Sources */ = {isa = PBXBuildFile; fileRef = 03298523246965D100A7D5A8 /* T98-validate-binary-search-tree.c */; };
		0331BFBB24B7FBD5001EC331 /* T309-best-time-to-buy-and-sell-stock-with-cooldown.c in Sources */ = {isa = PBXBuildFile; fileRef = 0331BFBA24B7FBD5001EC331 /* T309-best-time-to-buy-and-sell-stock-with-cooldown.c */; };
		033637E024AEC31E00DDD1AA /* T108-convert-sorted-array-to-binary-search-tree.c in Sources */ = {isa = PBXBuildFile; fileRef = 033637DF24AEC31E00DDD1AA /* T108-convert-sorted-array-to-binary-search-tree.c */; };
		033637E324AED01400DDD1AA /* T718-maximum-length-of-repeated-subarray.c in Sources */ = {isa = PBXBuildFile; fileRef = 033637E224AED01400DDD1AA /* T718-maximum-length-of-repeated-subarray.c */; };
		033A4F1F24B5552100B00186 /* T16-11-diving-board-lcci.c in Sources */ = {isa = PBXBuildFile; fileRef = 033A4F1E24B5552100B00186 /* T16-11-diving-board-lcci.c */; };
		0340239F24B4001500294AF7 /* T112-path-sum.c in Sources */ = {isa = PBXBuildFile; fileRef = 0340239E24B4001500294AF7 /* T112-path-sum.c */; };
		03403993244D300E00896919 /* main.c in Sources */ = {isa = PBXBuildFile; fileRef = 03403992244D300E00896919 /* main.c */; };
		034039A0244D302A00896919 /* T75-sort-colors.c in Sources */ = {isa = PBXBuildFile; fileRef = 0340399C244D302A00896919 /* T75-sort-colors.c */; };
		034039A1244D302B00896919 /* T16-sub-sort-lcci.c in Sources */ = {isa = PBXBuildFile; fileRef = 0340399D244D302A00896919 /* T16-sub-sort-lcci.c */; };
		034039A2244D302B00896919 /* T88-merge-sorted-array.c in Sources */ = {isa = PBXBuildFile; fileRef = 0340399E244D302A00896919 /* T88-merge-sorted-array.c */; };
		0344426824BBEB840030765D /* T350-intersection-of-two-arrays-ii.c in Sources */ = {isa = PBXBuildFile; fileRef = 0344426724BBEB840030765D /* T350-intersection-of-two-arrays-ii.c */; };
		0344427E24BCA3450030765D /* T237-delete-node-in-a-linked-list.c in Sources */ = {isa = PBXBuildFile; fileRef = 0344427D24BCA3450030765D /* T237-delete-node-in-a-linked-list.c */; };
		0344428124BCA7A20030765D /* T206-reverse-linked-list.c in Sources */ = {isa = PBXBuildFile; fileRef = 0344428024BCA7A20030765D /* T206-reverse-linked-list.c */; };
		0344428424BCB1A10030765D /* T141-linked-list-cycle.c in Sources */ = {isa = PBXBuildFile; fileRef = 0344428324BCB1A10030765D /* T141-linked-list-cycle.c */; };
		0345CF602458702700D8E5AE /* T151-reverse-words-in-a-string.c in Sources */ = {isa = PBXBuildFile; fileRef = 0345CF5F2458702700D8E5AE /* T151-reverse-words-in-a-string.c */; };
		035021F724ADBA210024BD6A /* T378-kth-smallest-element-in-a-sorted-matrix.c in Sources */ = {isa = PBXBuildFile; fileRef = 035021F624ADBA210024BD6A /* T378-kth-smallest-element-in-a-sorted-matrix.c */; };
		035A4026244F330900CAFCCF /* T977-squares-of-a-sorted-array.c in Sources */ = {isa = PBXBuildFile; fileRef = 035A4025244F330900CAFCCF /* T977-squares-of-a-sorted-array.c */; };
		035A402A244F355000CAFCCF /* T203-remove-linked-list-elements.c in Sources */ = {isa = PBXBuildFile; fileRef = 035A4029244F355000CAFCCF /* T203-remove-linked-list-elements.c */; };
		035D21FC246FA6D20020BF33 /* T36-valid-sudoku.c in Sources */ = {isa = PBXBuildFile; fileRef = 035D21FB246FA6D20020BF33 /* T36-valid-sudoku.c */; };
		035D9F6D245FD9B800D22BB8 /* T283-move-zeroes.c in Sources */ = {isa = PBXBuildFile; fileRef = 035D9F6C245FD9B800D22BB8 /* T283-move-zeroes.c */; };
		035D9F70245FE6E700D22BB8 /* T1-two-sum.c in Sources */ = {isa = PBXBuildFile; fileRef = 035D9F6F245FE6E700D22BB8 /* T1-two-sum.c */; };
		035D9F73245FEADA00D22BB8 /* hash_table.c in Sources */ = {isa = PBXBuildFile; fileRef = 035D9F72245FEADA00D22BB8 /* hash_table.c */; };
		035D9F7624600D2B00D22BB8 /* T15-3sum.c in Sources */ = {isa = PBXBuildFile; fileRef = 035D9F7524600D2B00D22BB8 /* T15-3sum.c */; };
		035D9F792460292500D22BB8 /* T50-powx-n.c in Sources */ = {isa = PBXBuildFile; fileRef = 035D9F782460292500D22BB8 /* T50-powx-n.c */; };
		035D9F7C2460597100D22BB8 /* T62-yuan-quan-zhong-zui-hou-sheng-xia-de-shu-zi-lcof.c in Sources */ = {isa = PBXBuildFile; fileRef = 035D9F7B2460597100D22BB8 /* T62-yuan-quan-zhong-zui-hou-sheng-xia-de-shu-zi-lcof.c */; };
		035D9F7F24606DA100D22BB8 /* T54-spiral-matrix.c in Sources */ = {isa = PBXBuildFile; fileRef = 035D9F7E24606DA100D22BB8 /* T54-spiral-matrix.c */; };
		035D9F822461093E00D22BB8 /* T146-lru-cache.c in Sources */ = {isa = PBXBuildFile; fileRef = 035D9F812461093E00D22BB8 /* T146-lru-cache.c */; };
		035D9F852461806700D22BB8 /* T7-reverse-integer.c in Sources */ = {isa = PBXBuildFile; fileRef = 035D9F842461806700D22BB8 /* T7-reverse-integer.c */; };
		035D9F88246186DB00D22BB8 /* T252-meeting-rooms.c in Sources */ = {isa = PBXBuildFile; fileRef = 035D9F87246186DB00D22BB8 /* T252-meeting-rooms.c */; };
		035D9F8B2461916200D22BB8 /* T253-meeting-rooms-ii.c in Sources */ = {isa = PBXBuildFile; fileRef = 035D9F8A2461916200D22BB8 /* T253-meeting-rooms-ii.c */; };
		035D9F8E2461A27900D22BB8 /* T11-container-with-most-water.c in Sources */ = {isa = PBXBuildFile; fileRef = 035D9F8D2461A27900D22BB8 /* T11-container-with-most-water.c */; };
		03652F1524B2FC63007D0458 /* T63-unique-paths-ii.c in Sources */ = {isa = PBXBuildFile; fileRef = 03652F1424B2FC63007D0458 /* T63-unique-paths-ii.c */; };
		0365A33B246EC82800470862 /* T198-house-robber.c in Sources */ = {isa = PBXBuildFile; fileRef = 0365A33A246EC82800470862 /* T198-house-robber.c */; };
		0365A33F246EE12A00470862 /* T347-top-k-frequent-elements.c in Sources */ = {isa = PBXBuildFile; fileRef = 0365A33E246EE12A00470862 /* T347-top-k-frequent-elements.c */; };
		03742A032472D01500C7BFBF /* T210-course-schedule-ii.c in Sources */ = {isa = PBXBuildFile; fileRef = 03742A022472D01500C7BFBF /* T210-course-schedule-ii.c */; };
		038BDDF0245BC08C00AA6763 /* T47-li-wu-de-zui-da-jie-zhi-lcof.c in Sources */ = {isa = PBXBuildFile; fileRef = 038BDDEF245BC08C00AA6763 /* T47-li-wu-de-zui-da-jie-zhi-lcof.c */; };
		038BDDF4245BC18900AA6763 /* T64-minimum-path-sum.c in Sources */ = {isa = PBXBuildFile; fileRef = 038BDDF3245BC18900AA6763 /* T64-minimum-path-sum.c */; };
		038BDDF7245BC1D100AA6763 /* T62-unique-paths.c in Sources */ = {isa = PBXBuildFile; fileRef = 038BDDF6245BC1D100AA6763 /* T62-unique-paths.c */; };
		038BDDFA245C002E00AA6763 /* T121-best-time-to-buy-and-sell-stock.c in Sources */ = {isa = PBXBuildFile; fileRef = 038BDDF9245C002E00AA6763 /* T121-best-time-to-buy-and-sell-stock.c */; };
		038BDDFD245C00F100AA6763 /* T63-gu-piao-de-zui-da-li-run-lcof.c in Sources */ = {isa = PBXBuildFile; fileRef = 038BDDFC245C00F100AA6763 /* T63-gu-piao-de-zui-da-li-run-lcof.c */; };
		038BDE00245C079B00AA6763 /* T122-best-time-to-buy-and-sell-stock-ii.c in Sources */ = {isa = PBXBuildFile; fileRef = 038BDDFF245C079B00AA6763 /* T122-best-time-to-buy-and-sell-stock-ii.c */; };
		038BDE03245C07DD00AA6763 /* T123-best-time-to-buy-and-sell-stock-iii.c in Sources */ = {isa = PBXBuildFile; fileRef = 038BDE02245C07DD00AA6763 /* T123-best-time-to-buy-and-sell-stock-iii.c */; };
		038BDE06245C082900AA6763 /* T188-best-time-to-buy-and-sell-stock-iv.c in Sources */ = {isa = PBXBuildFile; fileRef = 038BDE05245C082900AA6763 /* T188-best-time-to-buy-and-sell-stock-iv.c */; };
		038BDE09245C085A00AA6763 /* T714-best-time-to-buy-and-sell-stock-with-transaction-fee.c in Sources */ = {isa = PBXBuildFile; fileRef = 038BDE08245C085A00AA6763 /* T714-best-time-to-buy-and-sell-stock-with-transaction-fee.c */; };
		038BDE0C245C08EB00AA6763 /* T674-longest-continuous-increasing-subsequence.c in Sources */ = {isa = PBXBuildFile; fileRef = 038BDE0B245C08EB00AA6763 /* T674-longest-continuous-increasing-subsequence.c */; };
		038BDE0F245C0B3C00AA6763 /* T72-edit-distance.c in Sources */ = {isa = PBXBuildFile; fileRef = 038BDE0E245C0B3C00AA6763 /* T72-edit-distance.c */; };
		038BDE12245C1CB300AA6763 /* T5-longest-palindromic-substring.c in Sources */ = {isa = PBXBuildFile; fileRef = 038BDE11245C1CB300AA6763 /* T5-longest-palindromic-substring.c */; };
		0391E72024BD97C1007EBA9B /* T120-triangle.c in Sources */ = {isa = PBXBuildFile; fileRef = 0391E71F24BD97C1007EBA9B /* T120-triangle.c */; };
		0391E72324BDE03C007EBA9B /* T83-remove-duplicates-from-sorted-list.c in Sources */ = {isa = PBXBuildFile; fileRef = 0391E72224BDE03C007EBA9B /* T83-remove-duplicates-from-sorted-list.c */; };
		0391E72624BDE248007EBA9B /* T82-remove-duplicates-from-sorted-list-ii.c in Sources */ = {isa = PBXBuildFile; fileRef = 0391E72524BDE248007EBA9B /* T82-remove-duplicates-from-sorted-list-ii.c */; };
		0391E72924BDE80F007EBA9B /* T876-middle-of-the-linked-list.c in Sources */ = {isa = PBXBuildFile; fileRef = 0391E72824BDE80F007EBA9B /* T876-middle-of-the-linked-list.c */; };
		0396526D245D7AAC008049D8 /* T236-lowest-common-ancestor-of-a-binary-tree.c in Sources */ = {isa = PBXBuildFile; fileRef = 0396526C245D7AAC008049D8 /* T236-lowest-common-ancestor-of-a-binary-tree.c */; };
		03965270245D7B46008049D8 /* T68-er-cha-shu-de-zui-jin-gong-gong-zu-xian-lcof.c in Sources */ = {isa = PBXBuildFile; fileRef = 0396526F245D7B46008049D8 /* T68-er-cha-shu-de-zui-jin-gong-gong-zu-xian-lcof.c */; };
		03965273245D83D4008049D8 /* T99-recover-binary-search-tree.c in Sources */ = {isa = PBXBuildFile; fileRef = 03965272245D83D4008049D8 /* T99-recover-binary-search-tree.c */; };
		03965276245DBDCC008049D8 /* T333-largest-bst-subtree.c in Sources */ = {isa = PBXBuildFile; fileRef = 03965275245DBDCC008049D8 /* T333-largest-bst-subtree.c */; };
		0396527B245DD04E008049D8 /* T17-letter-combinations-of-a-phone-number.c in Sources */ = {isa = PBXBuildFile; fileRef = 0396527A245DD04E008049D8 /* T17-letter-combinations-of-a-phone-number.c */; };
		039AD434245E950800A3935C /* T46-permutations.c in Sources */ = {isa = PBXBuildFile; fileRef = 039AD433245E950800A3935C /* T46-permutations.c */; };
		039AD437245EB65D00A3935C /* T47-permutations-ii.c in Sources */ = {isa = PBXBuildFile; fileRef = 039AD436245EB65D00A3935C /* T47-permutations-ii.c */; };
		039AD43A245EC55500A3935C /* T22-generate-parentheses.c in Sources */ = {isa = PBXBuildFile; fileRef = 039AD439245EC55500A3935C /* T22-generate-parentheses.c */; };
		039AD43D245ED1C700A3935C /* T113-path-sum-ii.c in Sources */ = {isa = PBXBuildFile; fileRef = 039AD43C245ED1C700A3935C /* T113-path-sum-ii.c */; };
		039AD440245ED32A00A3935C /* T39-combination-sum.c in Sources */ = {isa = PBXBuildFile; fileRef = 039AD43F245ED32A00A3935C /* T39-combination-sum.c */; };
		039AD443245EE5DD00A3935C /* T112-path-sum.c in Sources */ = {isa = PBXBuildFile; fileRef = 039AD442245EE5DD00A3935C /* T112-path-sum.c */; };
		039AD446245EE62E00A3935C /* T93-restore-ip-addresses.c in Sources */ = {isa = PBXBuildFile; fileRef = 039AD445245EE62E00A3935C /* T93-restore-ip-addresses.c */; };
		03A21E1B24B0B47A00E8055E /* T32-longest-valid-parentheses.c in Sources */ = {isa = PBXBuildFile; fileRef = 03A21E1A24B0B47A00E8055E /* T32-longest-valid-parentheses.c */; };
		03A21E5A24B1A0E400E8055E /* T44-wildcard-matching.c in Sources */ = {isa = PBXBuildFile; fileRef = 03A21E5924B1A0E400E8055E /* T44-wildcard-matching.c */; };
		03A7606524ACC05C00940BC7 /* T509-fibonacci-number.c in Sources */ = {isa = PBXBuildFile; fileRef = 03A7606424ACC05C00940BC7 /* T509-fibonacci-number.c */; };
		03A94817246AE4370007C705 /* T124-binary-tree-maximum-path-sum.c in Sources */ = {isa = PBXBuildFile; fileRef = 03A94816246AE4370007C705 /* T124-binary-tree-maximum-path-sum.c */; };
		03AA31D5244DF66D008B0B20 /* T164-maximum-gap.c in Sources */ = {isa = PBXBuildFile; fileRef = 03AA31D4244DF66D008B0B20 /* T164-maximum-gap.c */; };
		03B262F4247A2F9A00BBD985 /* T322-coin-change.c in Sources */ = {isa = PBXBuildFile; fileRef = 03B262F3247A2F9A00BBD985 /* T322-coin-change.c */; };
		03B262F7247A8E1E00BBD985 /* T300-longest-increasing-subsequence.c in Sources */ = {isa = PBXBuildFile; fileRef = 03B262F6247A8E1E00BBD985 /* T300-longest-increasing-subsequence.c */; };
		03B262FA247A98FB00BBD985 /* T1143-longest-common-subsequence.c in Sources */ = {isa = PBXBuildFile; fileRef = 03B262F9247A98FB00BBD985 /* T1143-longest-common-subsequence.c */; };
		03B262FD247AB3DF00BBD985 /* longest-common-substring.c in Sources */ = {isa = PBXBuildFile; fileRef = 03B262FC247AB3DF00BBD985 /* longest-common-substring.c */; };
		03BD7E1724B71D6E00C55AA6 /* T17-13-re-space-lcci.c in Sources */ = {isa = PBXBuildFile; fileRef = 03BD7E1624B71D6E00C55AA6 /* T17-13-re-space-lcci.c */; };
		03C8A63924531081001D5584 /* T138-copy-list-with-random-pointer.c in Sources */ = {isa = PBXBuildFile; fileRef = 03C8A63824531080001D5584 /* T138-copy-list-with-random-pointer.c */; };
		03C8A63D245312FC001D5584 /* T155-min-stack.c in Sources */ = {isa = PBXBuildFile; fileRef = 03C8A63C245312FC001D5584 /* T155-min-stack.c */; };
		03C8A64224532E5F001D5584 /* T239-sliding-window-maximum.c in Sources */ = {isa = PBXBuildFile; fileRef = 03C8A64124532E5F001D5584 /* T239-sliding-window-maximum.c */; };
		03C8A6452454182D001D5584 /* T654-maximum-binary-tree.c in Sources */ = {isa = PBXBuildFile; fileRef = 03C8A6442454182D001D5584 /* T654-maximum-binary-tree.c */; };
		03C8A6482454260D001D5584 /* stack.c in Sources */ = {isa = PBXBuildFile; fileRef = 03C8A6472454260D001D5584 /* stack.c */; };
		03C8A64B24544401001D5584 /* T739-daily-temperatures.c in Sources */ = {isa = PBXBuildFile; fileRef = 03C8A64A24544401001D5584 /* T739-daily-temperatures.c */; };
		03C8A64F24546A3C001D5584 /* T01-09-string-rotation-lcci.c in Sources */ = {isa = PBXBuildFile; fileRef = 03C8A64E24546A3C001D5584 /* T01-09-string-rotation-lcci.c */; };
		03C8A653245474F3001D5584 /* T572-subtree-of-another-tree.c in Sources */ = {isa = PBXBuildFile; fileRef = 03C8A652245474F3001D5584 /* T572-subtree-of-another-tree.c */; };
		03D36D67247C0744002C5B4D /* knapsack.c in Sources */ = {isa = PBXBuildFile; fileRef = 03D36D66247C0744002C5B4D /* knapsack.c */; };
		03D56BFF2462DDAA0074214D /* T42-trapping-rain-water.c in Sources */ = {isa = PBXBuildFile; fileRef = 03D56BFE2462DDAA0074214D /* T42-trapping-rain-water.c */; };
		03D56C022462F6B00074214D /* T215-kth-largest-element-in-an-array.c in Sources */ = {isa = PBXBuildFile; fileRef = 03D56C012462F6B00074214D /* T215-kth-largest-element-in-an-array.c */; };
		03D56C052462F6E80074214D /* T315-count-of-smaller-numbers-after-self.c in Sources */ = {isa = PBXBuildFile; fileRef = 03D56C042462F6E80074214D /* T315-count-of-smaller-numbers-after-self.c */; };
		03D56C082462F7220074214D /* T4-median-of-two-sorted-arrays.c in Sources */ = {isa = PBXBuildFile; fileRef = 03D56C072462F7220074214D /* T4-median-of-two-sorted-arrays.c */; };
		03D56C0B2462F75C0074214D /* T149-max-points-on-a-line.c in Sources */ = {isa = PBXBuildFile; fileRef = 03D56C0A2462F75C0074214D /* T149-max-points-on-a-line.c */; };
		03D56C0E2462F7900074214D /* T200-number-of-islands.c in Sources */ = {isa = PBXBuildFile; fileRef = 03D56C0D2462F7900074214D /* T200-number-of-islands.c */; };
		03DAEFAA246C231300BFEEAA /* T14-flatten-binary-tree-to-linked-list.c in Sources */ = {isa = PBXBuildFile; fileRef = 03DAEFA9246C231300BFEEAA /* T14-flatten-binary-tree-to-linked-list.c */; };
		03EE619924B9CDE900909FC8 /* T315-count-of-smaller-numbers-after-self.c in Sources */ = {isa = PBXBuildFile; fileRef = 03EE619824B9CDE900909FC8 /* T315-count-of-smaller-numbers-after-self.c */; };
		03EE619C24BACF6100909FC8 /* T174-dungeon-game.c in Sources */ = {isa = PBXBuildFile; fileRef = 03EE619B24BACF6100909FC8 /* T174-dungeon-game.c */; };
		03F438D12459BBC800E668AA /* T3-longest-substring-without-repeating-characters.c in Sources */ = {isa = PBXBuildFile; fileRef = 03F438D02459BBC800E668AA /* T3-longest-substring-without-repeating-characters.c */; };
		03F4B5EF247900CE00072A3D /* T51-n-queens.c in Sources */ = {isa = PBXBuildFile; fileRef = 03F4B5EE247900CE00072A3D /* T51-n-queens.c */; };
		03F4B5F22479011900072A3D /* T52-n-queens-ii.c in Sources */ = {isa = PBXBuildFile; fileRef = 03F4B5F12479011900072A3D /* T52-n-queens-ii.c */; };
		03F4B5F52479482C00072A3D /* T40-combination-sum-ii.c in Sources */ = {isa = PBXBuildFile; fileRef = 03F4B5F42479482C00072A3D /* T40-combination-sum-ii.c */; };
		03F4B5F82479487100072A3D /* T78-subsets.c in Sources */ = {isa = PBXBuildFile; fileRef = 03F4B5F72479487100072A3D /* T78-subsets.c */; };
		03F4B5FB247948A500072A3D /* T90-subsets-ii.c in Sources */ = {isa = PBXBuildFile; fileRef = 03F4B5FA247948A500072A3D /* T90-subsets-ii.c */; };
		03F4B5FE24795D2300072A3D /* T455-assign-cookies.c in Sources */ = {isa = PBXBuildFile; fileRef = 03F4B5FD24795D2300072A3D /* T455-assign-cookies.c */; };
		03F4B60124795D7600072A3D /* T452-minimum-number-of-arrows-to-burst-balloons.c in Sources */ = {isa = PBXBuildFile; fileRef = 03F4B60024795D7600072A3D /* T452-minimum-number-of-arrows-to-burst-balloons.c */; };
		03F4B60424795DF200072A3D /* T605-can-place-flowers.c in Sources */ = {isa = PBXBuildFile; fileRef = 03F4B60324795DF200072A3D /* T605-can-place-flowers.c */; };
		03F4B60724795E3100072A3D /* T135-candy.c in Sources */ = {isa = PBXBuildFile; fileRef = 03F4B60624795E3100072A3D /* T135-candy.c */; };
		03F4B60A2479626600072A3D /* T53-maximum-subarray.c in Sources */ = {isa = PBXBuildFile; fileRef = 03F4B6092479626600072A3D /* T53-maximum-subarray.c */; };
		03F935872450732100FCF702 /* T2-add-two-numbers.c in Sources */ = {isa = PBXBuildFile; fileRef = 03F935862450732000FCF702 /* T2-add-two-numbers.c */; };
		03F9358A24508A3E00FCF702 /* T160-intersection-of-two-linked-lists.c in Sources */ = {isa = PBXBuildFile; fileRef = 03F9358924508A3E00FCF702 /* T160-intersection-of-two-linked-lists.c */; };
/* End PBXBuildFile section */

/* Begin PBXCopyFilesBuildPhase section */
		0340398D244D300E00896919 /* CopyFiles */ = {
			isa = PBXCopyFilesBuildPhase;
			buildActionMask = 2147483647;
			dstPath = /usr/share/man/man1/;
			dstSubfolderSpec = 0;
			files = (
			);
			runOnlyForDeploymentPostprocessing = 1;
		};
/* End PBXCopyFilesBuildPhase section */

/* Begin PBXFileReference section */
		0300364D2451C7E80026657D /* T86-partition-list.h */ = {isa = PBXFileReference; lastKnownFileType = sourcecode.c.h; path = "T86-partition-list.h"; sourceTree = "<group>"; };
		0300364E2451C7E80026657D /* T86-partition-list.c */ = {isa = PBXFileReference; lastKnownFileType = sourcecode.c.c; path = "T86-partition-list.c"; sourceTree = "<group>"; };
		030036502451D0CD0026657D /* T234-palindrome-linked-list.h */ = {isa = PBXFileReference; lastKnownFileType = sourcecode.c.h; path = "T234-palindrome-linked-list.h"; sourceTree = "<group>"; };
		030036512451D0CD0026657D /* T234-palindrome-linked-list.c */ = {isa = PBXFileReference; lastKnownFileType = sourcecode.c.c; path = "T234-palindrome-linked-list.c"; sourceTree = "<group>"; };
		031552EC2467F9C4001C70B1 /* T21-merge-two-sorted-lists.h */ = {isa = PBXFileReference; lastKnownFileType = sourcecode.c.h; path = "T21-merge-two-sorted-lists.h"; sourceTree = "<group>"; };
		031552ED2467F9C4001C70B1 /* T21-merge-two-sorted-lists.c */ = {isa = PBXFileReference; lastKnownFileType = sourcecode.c.c; path = "T21-merge-two-sorted-lists.c"; sourceTree = "<group>"; };
		031552EF246805B2001C70B1 /* T23-merge-k-sorted-lists.h */ = {isa = PBXFileReference; lastKnownFileType = sourcecode.c.h; path = "T23-merge-k-sorted-lists.h"; sourceTree = "<group>"; };
		031552F0246805B2001C70B1 /* T23-merge-k-sorted-lists.c */ = {isa = PBXFileReference; lastKnownFileType = sourcecode.c.c; path = "T23-merge-k-sorted-lists.c"; sourceTree = "<group>"; };
		031552F224684B9C001C70B1 /* T150-evaluate-reverse-polish-notation.h */ = {isa = PBXFileReference; lastKnownFileType = sourcecode.c.h; path = "T150-evaluate-reverse-polish-notation.h"; sourceTree = "<group>"; };
		031552F324684B9C001C70B1 /* T150-evaluate-reverse-polish-notation.c */ = {isa = PBXFileReference; lastKnownFileType = sourcecode.c.c; path = "T150-evaluate-reverse-polish-notation.c"; sourceTree = "<group>"; };
		03211BA2245721E400632DD8 /* T242-valid-anagram.h */ = {isa = PBXFileReference; lastKnownFileType = sourcecode.c.h; path = "T242-valid-anagram.h"; sourceTree = "<group>"; };
		03211BA3245721E400632DD8 /* T242-valid-anagram.c */ = {isa = PBXFileReference; lastKnownFileType = sourcecode.c.c; path = "T242-valid-anagram.c"; sourceTree = "<group>"; };
		03298522246965D100A7D5A8 /* T98-validate-binary-search-tree.h */ = {isa = PBXFileReference; lastKnownFileType = sourcecode.c.h; path = "T98-validate-binary-search-tree.h"; sourceTree = "<group>"; };
		03298523246965D100A7D5A8 /* T98-validate-binary-search-tree.c */ = {isa = PBXFileReference; lastKnownFileType = sourcecode.c.c; path = "T98-validate-binary-search-tree.c"; sourceTree = "<group>"; };
		032985282469664D00A7D5A8 /* algorithm-common.h */ = {isa = PBXFileReference; lastKnownFileType = sourcecode.c.h; path = "algorithm-common.h"; sourceTree = "<group>"; };
		0331BFB924B7FBD5001EC331 /* T309-best-time-to-buy-and-sell-stock-with-cooldown.h */ = {isa = PBXFileReference; lastKnownFileType = sourcecode.c.h; path = "T309-best-time-to-buy-and-sell-stock-with-cooldown.h"; sourceTree = "<group>"; };
		0331BFBA24B7FBD5001EC331 /* T309-best-time-to-buy-and-sell-stock-with-cooldown.c */ = {isa = PBXFileReference; lastKnownFileType = sourcecode.c.c; path = "T309-best-time-to-buy-and-sell-stock-with-cooldown.c"; sourceTree = "<group>"; };
		033637DE24AEC31E00DDD1AA /* T108-convert-sorted-array-to-binary-search-tree.h */ = {isa = PBXFileReference; lastKnownFileType = sourcecode.c.h; path = "T108-convert-sorted-array-to-binary-search-tree.h"; sourceTree = "<group>"; };
		033637DF24AEC31E00DDD1AA /* T108-convert-sorted-array-to-binary-search-tree.c */ = {isa = PBXFileReference; lastKnownFileType = sourcecode.c.c; path = "T108-convert-sorted-array-to-binary-search-tree.c"; sourceTree = "<group>"; };
		033637E124AED01400DDD1AA /* T718-maximum-length-of-repeated-subarray.h */ = {isa = PBXFileReference; lastKnownFileType = sourcecode.c.h; path = "T718-maximum-length-of-repeated-subarray.h"; sourceTree = "<group>"; };
		033637E224AED01400DDD1AA /* T718-maximum-length-of-repeated-subarray.c */ = {isa = PBXFileReference; lastKnownFileType = sourcecode.c.c; path = "T718-maximum-length-of-repeated-subarray.c"; sourceTree = "<group>"; };
		033A4F1D24B5552100B00186 /* T16-11-diving-board-lcci.h */ = {isa = PBXFileReference; lastKnownFileType = sourcecode.c.h; path = "T16-11-diving-board-lcci.h"; sourceTree = "<group>"; };
		033A4F1E24B5552100B00186 /* T16-11-diving-board-lcci.c */ = {isa = PBXFileReference; lastKnownFileType = sourcecode.c.c; path = "T16-11-diving-board-lcci.c"; sourceTree = "<group>"; };
		0340239D24B4001500294AF7 /* T112-path-sum.h */ = {isa = PBXFileReference; lastKnownFileType = sourcecode.c.h; path = "T112-path-sum.h"; sourceTree = "<group>"; };
		0340239E24B4001500294AF7 /* T112-path-sum.c */ = {isa = PBXFileReference; lastKnownFileType = sourcecode.c.c; path = "T112-path-sum.c"; sourceTree = "<group>"; };
		0340398F244D300E00896919 /* algorithm */ = {isa = PBXFileReference; explicitFileType = "compiled.mach-o.executable"; includeInIndex = 0; path = algorithm; sourceTree = BUILT_PRODUCTS_DIR; };
		03403992244D300E00896919 /* main.c */ = {isa = PBXFileReference; lastKnownFileType = sourcecode.c.c; path = main.c; sourceTree = "<group>"; };
		0340399A244D302A00896919 /* T16-sub-sort-lcci.h */ = {isa = PBXFileReference; fileEncoding = 4; lastKnownFileType = sourcecode.c.h; path = "T16-sub-sort-lcci.h"; sourceTree = "<group>"; };
		0340399B244D302A00896919 /* T88-merge-sorted-array.h */ = {isa = PBXFileReference; fileEncoding = 4; lastKnownFileType = sourcecode.c.h; path = "T88-merge-sorted-array.h"; sourceTree = "<group>"; };
		0340399C244D302A00896919 /* T75-sort-colors.c */ = {isa = PBXFileReference; fileEncoding = 4; lastKnownFileType = sourcecode.c.c; path = "T75-sort-colors.c"; sourceTree = "<group>"; };
		0340399D244D302A00896919 /* T16-sub-sort-lcci.c */ = {isa = PBXFileReference; fileEncoding = 4; lastKnownFileType = sourcecode.c.c; path = "T16-sub-sort-lcci.c"; sourceTree = "<group>"; };
		0340399E244D302A00896919 /* T88-merge-sorted-array.c */ = {isa = PBXFileReference; fileEncoding = 4; lastKnownFileType = sourcecode.c.c; path = "T88-merge-sorted-array.c"; sourceTree = "<group>"; };
		0340399F244D302A00896919 /* T75-sort-colors.h */ = {isa = PBXFileReference; fileEncoding = 4; lastKnownFileType = sourcecode.c.h; path = "T75-sort-colors.h"; sourceTree = "<group>"; };
		0344426624BBEB840030765D /* T350-intersection-of-two-arrays-ii.h */ = {isa = PBXFileReference; lastKnownFileType = sourcecode.c.h; path = "T350-intersection-of-two-arrays-ii.h"; sourceTree = "<group>"; };
		0344426724BBEB840030765D /* T350-intersection-of-two-arrays-ii.c */ = {isa = PBXFileReference; lastKnownFileType = sourcecode.c.c; path = "T350-intersection-of-two-arrays-ii.c"; sourceTree = "<group>"; };
		0344427C24BCA3450030765D /* T237-delete-node-in-a-linked-list.h */ = {isa = PBXFileReference; lastKnownFileType = sourcecode.c.h; path = "T237-delete-node-in-a-linked-list.h"; sourceTree = "<group>"; };
		0344427D24BCA3450030765D /* T237-delete-node-in-a-linked-list.c */ = {isa = PBXFileReference; lastKnownFileType = sourcecode.c.c; path = "T237-delete-node-in-a-linked-list.c"; sourceTree = "<group>"; };
		0344427F24BCA7A20030765D /* T206-reverse-linked-list.h */ = {isa = PBXFileReference; lastKnownFileType = sourcecode.c.h; path = "T206-reverse-linked-list.h"; sourceTree = "<group>"; };
		0344428024BCA7A20030765D /* T206-reverse-linked-list.c */ = {isa = PBXFileReference; lastKnownFileType = sourcecode.c.c; path = "T206-reverse-linked-list.c"; sourceTree = "<group>"; };
		0344428224BCB1A10030765D /* T141-linked-list-cycle.h */ = {isa = PBXFileReference; lastKnownFileType = sourcecode.c.h; path = "T141-linked-list-cycle.h"; sourceTree = "<group>"; };
		0344428324BCB1A10030765D /* T141-linked-list-cycle.c */ = {isa = PBXFileReference; lastKnownFileType = sourcecode.c.c; path = "T141-linked-list-cycle.c"; sourceTree = "<group>"; };
		0345CF5E2458702700D8E5AE /* T151-reverse-words-in-a-string.h */ = {isa = PBXFileReference; lastKnownFileType = sourcecode.c.h; path = "T151-reverse-words-in-a-string.h"; sourceTree = "<group>"; };
		0345CF5F2458702700D8E5AE /* T151-reverse-words-in-a-string.c */ = {isa = PBXFileReference; lastKnownFileType = sourcecode.c.c; path = "T151-reverse-words-in-a-string.c"; sourceTree = "<group>"; };
		035021F524ADBA210024BD6A /* T378-kth-smallest-element-in-a-sorted-matrix.h */ = {isa = PBXFileReference; lastKnownFileType = sourcecode.c.h; path = "T378-kth-smallest-element-in-a-sorted-matrix.h"; sourceTree = "<group>"; };
		035021F624ADBA210024BD6A /* T378-kth-smallest-element-in-a-sorted-matrix.c */ = {isa = PBXFileReference; lastKnownFileType = sourcecode.c.c; path = "T378-kth-smallest-element-in-a-sorted-matrix.c"; sourceTree = "<group>"; };
		035A4024244F330900CAFCCF /* T977-squares-of-a-sorted-array.h */ = {isa = PBXFileReference; lastKnownFileType = sourcecode.c.h; path = "T977-squares-of-a-sorted-array.h"; sourceTree = "<group>"; };
		035A4025244F330900CAFCCF /* T977-squares-of-a-sorted-array.c */ = {isa = PBXFileReference; lastKnownFileType = sourcecode.c.c; path = "T977-squares-of-a-sorted-array.c"; sourceTree = "<group>"; };
		035A4028244F355000CAFCCF /* T203-remove-linked-list-elements.h */ = {isa = PBXFileReference; lastKnownFileType = sourcecode.c.h; path = "T203-remove-linked-list-elements.h"; sourceTree = "<group>"; };
		035A4029244F355000CAFCCF /* T203-remove-linked-list-elements.c */ = {isa = PBXFileReference; lastKnownFileType = sourcecode.c.c; path = "T203-remove-linked-list-elements.c"; sourceTree = "<group>"; };
		035D21FA246FA6D20020BF33 /* T36-valid-sudoku.h */ = {isa = PBXFileReference; lastKnownFileType = sourcecode.c.h; path = "T36-valid-sudoku.h"; sourceTree = "<group>"; };
		035D21FB246FA6D20020BF33 /* T36-valid-sudoku.c */ = {isa = PBXFileReference; lastKnownFileType = sourcecode.c.c; path = "T36-valid-sudoku.c"; sourceTree = "<group>"; };
		035D9F6B245FD9B800D22BB8 /* T283-move-zeroes.h */ = {isa = PBXFileReference; lastKnownFileType = sourcecode.c.h; path = "T283-move-zeroes.h"; sourceTree = "<group>"; };
		035D9F6C245FD9B800D22BB8 /* T283-move-zeroes.c */ = {isa = PBXFileReference; lastKnownFileType = sourcecode.c.c; path = "T283-move-zeroes.c"; sourceTree = "<group>"; };
		035D9F6E245FE6E700D22BB8 /* T1-two-sum.h */ = {isa = PBXFileReference; lastKnownFileType = sourcecode.c.h; path = "T1-two-sum.h"; sourceTree = "<group>"; };
		035D9F6F245FE6E700D22BB8 /* T1-two-sum.c */ = {isa = PBXFileReference; lastKnownFileType = sourcecode.c.c; path = "T1-two-sum.c"; sourceTree = "<group>"; };
		035D9F71245FEADA00D22BB8 /* hash_table.h */ = {isa = PBXFileReference; lastKnownFileType = sourcecode.c.h; path = hash_table.h; sourceTree = "<group>"; };
		035D9F72245FEADA00D22BB8 /* hash_table.c */ = {isa = PBXFileReference; lastKnownFileType = sourcecode.c.c; path = hash_table.c; sourceTree = "<group>"; };
		035D9F7424600D2B00D22BB8 /* T15-3sum.h */ = {isa = PBXFileReference; lastKnownFileType = sourcecode.c.h; path = "T15-3sum.h"; sourceTree = "<group>"; };
		035D9F7524600D2B00D22BB8 /* T15-3sum.c */ = {isa = PBXFileReference; lastKnownFileType = sourcecode.c.c; path = "T15-3sum.c"; sourceTree = "<group>"; };
		035D9F772460292500D22BB8 /* T50-powx-n.h */ = {isa = PBXFileReference; lastKnownFileType = sourcecode.c.h; path = "T50-powx-n.h"; sourceTree = "<group>"; };
		035D9F782460292500D22BB8 /* T50-powx-n.c */ = {isa = PBXFileReference; lastKnownFileType = sourcecode.c.c; path = "T50-powx-n.c"; sourceTree = "<group>"; };
		035D9F7A2460597100D22BB8 /* T62-yuan-quan-zhong-zui-hou-sheng-xia-de-shu-zi-lcof.h */ = {isa = PBXFileReference; lastKnownFileType = sourcecode.c.h; path = "T62-yuan-quan-zhong-zui-hou-sheng-xia-de-shu-zi-lcof.h"; sourceTree = "<group>"; };
		035D9F7B2460597100D22BB8 /* T62-yuan-quan-zhong-zui-hou-sheng-xia-de-shu-zi-lcof.c */ = {isa = PBXFileReference; lastKnownFileType = sourcecode.c.c; path = "T62-yuan-quan-zhong-zui-hou-sheng-xia-de-shu-zi-lcof.c"; sourceTree = "<group>"; };
		035D9F7D24606DA100D22BB8 /* T54-spiral-matrix.h */ = {isa = PBXFileReference; lastKnownFileType = sourcecode.c.h; path = "T54-spiral-matrix.h"; sourceTree = "<group>"; };
		035D9F7E24606DA100D22BB8 /* T54-spiral-matrix.c */ = {isa = PBXFileReference; lastKnownFileType = sourcecode.c.c; path = "T54-spiral-matrix.c"; sourceTree = "<group>"; };
		035D9F802461093E00D22BB8 /* T146-lru-cache.h */ = {isa = PBXFileReference; lastKnownFileType = sourcecode.c.h; path = "T146-lru-cache.h"; sourceTree = "<group>"; };
		035D9F812461093E00D22BB8 /* T146-lru-cache.c */ = {isa = PBXFileReference; lastKnownFileType = sourcecode.c.c; path = "T146-lru-cache.c"; sourceTree = "<group>"; };
		035D9F832461806700D22BB8 /* T7-reverse-integer.h */ = {isa = PBXFileReference; lastKnownFileType = sourcecode.c.h; path = "T7-reverse-integer.h"; sourceTree = "<group>"; };
		035D9F842461806700D22BB8 /* T7-reverse-integer.c */ = {isa = PBXFileReference; lastKnownFileType = sourcecode.c.c; path = "T7-reverse-integer.c"; sourceTree = "<group>"; };
		035D9F86246186DB00D22BB8 /* T252-meeting-rooms.h */ = {isa = PBXFileReference; lastKnownFileType = sourcecode.c.h; path = "T252-meeting-rooms.h"; sourceTree = "<group>"; };
		035D9F87246186DB00D22BB8 /* T252-meeting-rooms.c */ = {isa = PBXFileReference; lastKnownFileType = sourcecode.c.c; path = "T252-meeting-rooms.c"; sourceTree = "<group>"; };
		035D9F892461916200D22BB8 /* T253-meeting-rooms-ii.h */ = {isa = PBXFileReference; lastKnownFileType = sourcecode.c.h; path = "T253-meeting-rooms-ii.h"; sourceTree = "<group>"; };
		035D9F8A2461916200D22BB8 /* T253-meeting-rooms-ii.c */ = {isa = PBXFileReference; lastKnownFileType = sourcecode.c.c; path = "T253-meeting-rooms-ii.c"; sourceTree = "<group>"; };
		035D9F8C2461A27900D22BB8 /* T11-container-with-most-water.h */ = {isa = PBXFileReference; lastKnownFileType = sourcecode.c.h; path = "T11-container-with-most-water.h"; sourceTree = "<group>"; };
		035D9F8D2461A27900D22BB8 /* T11-container-with-most-water.c */ = {isa = PBXFileReference; lastKnownFileType = sourcecode.c.c; path = "T11-container-with-most-water.c"; sourceTree = "<group>"; };
		03652F1324B2FC63007D0458 /* T63-unique-paths-ii.h */ = {isa = PBXFileReference; lastKnownFileType = sourcecode.c.h; path = "T63-unique-paths-ii.h"; sourceTree = "<group>"; };
		03652F1424B2FC63007D0458 /* T63-unique-paths-ii.c */ = {isa = PBXFileReference; lastKnownFileType = sourcecode.c.c; path = "T63-unique-paths-ii.c"; sourceTree = "<group>"; };
		0365A339246EC82800470862 /* T198-house-robber.h */ = {isa = PBXFileReference; lastKnownFileType = sourcecode.c.h; path = "T198-house-robber.h"; sourceTree = "<group>"; };
		0365A33A246EC82800470862 /* T198-house-robber.c */ = {isa = PBXFileReference; lastKnownFileType = sourcecode.c.c; path = "T198-house-robber.c"; sourceTree = "<group>"; };
		0365A33D246EE12A00470862 /* T347-top-k-frequent-elements.h */ = {isa = PBXFileReference; lastKnownFileType = sourcecode.c.h; path = "T347-top-k-frequent-elements.h"; sourceTree = "<group>"; };
		0365A33E246EE12A00470862 /* T347-top-k-frequent-elements.c */ = {isa = PBXFileReference; lastKnownFileType = sourcecode.c.c; path = "T347-top-k-frequent-elements.c"; sourceTree = "<group>"; };
		03742A012472D01500C7BFBF /* T210-course-schedule-ii.h */ = {isa = PBXFileReference; lastKnownFileType = sourcecode.c.h; path = "T210-course-schedule-ii.h"; sourceTree = "<group>"; };
		03742A022472D01500C7BFBF /* T210-course-schedule-ii.c */ = {isa = PBXFileReference; lastKnownFileType = sourcecode.c.c; path = "T210-course-schedule-ii.c"; sourceTree = "<group>"; };
		038BDDEE245BC08C00AA6763 /* T47-li-wu-de-zui-da-jie-zhi-lcof.h */ = {isa = PBXFileReference; lastKnownFileType = sourcecode.c.h; path = "T47-li-wu-de-zui-da-jie-zhi-lcof.h"; sourceTree = "<group>"; };
		038BDDEF245BC08C00AA6763 /* T47-li-wu-de-zui-da-jie-zhi-lcof.c */ = {isa = PBXFileReference; lastKnownFileType = sourcecode.c.c; path = "T47-li-wu-de-zui-da-jie-zhi-lcof.c"; sourceTree = "<group>"; };
		038BDDF2245BC18900AA6763 /* T64-minimum-path-sum.h */ = {isa = PBXFileReference; lastKnownFileType = sourcecode.c.h; path = "T64-minimum-path-sum.h"; sourceTree = "<group>"; };
		038BDDF3245BC18900AA6763 /* T64-minimum-path-sum.c */ = {isa = PBXFileReference; lastKnownFileType = sourcecode.c.c; path = "T64-minimum-path-sum.c"; sourceTree = "<group>"; };
		038BDDF5245BC1D100AA6763 /* T62-unique-paths.h */ = {isa = PBXFileReference; lastKnownFileType = sourcecode.c.h; path = "T62-unique-paths.h"; sourceTree = "<group>"; };
		038BDDF6245BC1D100AA6763 /* T62-unique-paths.c */ = {isa = PBXFileReference; lastKnownFileType = sourcecode.c.c; path = "T62-unique-paths.c"; sourceTree = "<group>"; };
		038BDDF8245C002E00AA6763 /* T121-best-time-to-buy-and-sell-stock.h */ = {isa = PBXFileReference; lastKnownFileType = sourcecode.c.h; path = "T121-best-time-to-buy-and-sell-stock.h"; sourceTree = "<group>"; };
		038BDDF9245C002E00AA6763 /* T121-best-time-to-buy-and-sell-stock.c */ = {isa = PBXFileReference; lastKnownFileType = sourcecode.c.c; path = "T121-best-time-to-buy-and-sell-stock.c"; sourceTree = "<group>"; };
		038BDDFB245C00F100AA6763 /* T63-gu-piao-de-zui-da-li-run-lcof.h */ = {isa = PBXFileReference; lastKnownFileType = sourcecode.c.h; path = "T63-gu-piao-de-zui-da-li-run-lcof.h"; sourceTree = "<group>"; };
		038BDDFC245C00F100AA6763 /* T63-gu-piao-de-zui-da-li-run-lcof.c */ = {isa = PBXFileReference; lastKnownFileType = sourcecode.c.c; path = "T63-gu-piao-de-zui-da-li-run-lcof.c"; sourceTree = "<group>"; };
		038BDDFE245C079B00AA6763 /* T122-best-time-to-buy-and-sell-stock-ii.h */ = {isa = PBXFileReference; lastKnownFileType = sourcecode.c.h; path = "T122-best-time-to-buy-and-sell-stock-ii.h"; sourceTree = "<group>"; };
		038BDDFF245C079B00AA6763 /* T122-best-time-to-buy-and-sell-stock-ii.c */ = {isa = PBXFileReference; lastKnownFileType = sourcecode.c.c; path = "T122-best-time-to-buy-and-sell-stock-ii.c"; sourceTree = "<group>"; };
		038BDE01245C07DD00AA6763 /* T123-best-time-to-buy-and-sell-stock-iii.h */ = {isa = PBXFileReference; lastKnownFileType = sourcecode.c.h; path = "T123-best-time-to-buy-and-sell-stock-iii.h"; sourceTree = "<group>"; };
		038BDE02245C07DD00AA6763 /* T123-best-time-to-buy-and-sell-stock-iii.c */ = {isa = PBXFileReference; lastKnownFileType = sourcecode.c.c; path = "T123-best-time-to-buy-and-sell-stock-iii.c"; sourceTree = "<group>"; };
		038BDE04245C082900AA6763 /* T188-best-time-to-buy-and-sell-stock-iv.h */ = {isa = PBXFileReference; lastKnownFileType = sourcecode.c.h; path = "T188-best-time-to-buy-and-sell-stock-iv.h"; sourceTree = "<group>"; };
		038BDE05245C082900AA6763 /* T188-best-time-to-buy-and-sell-stock-iv.c */ = {isa = PBXFileReference; lastKnownFileType = sourcecode.c.c; path = "T188-best-time-to-buy-and-sell-stock-iv.c"; sourceTree = "<group>"; };
		038BDE07245C085A00AA6763 /* T714-best-time-to-buy-and-sell-stock-with-transaction-fee.h */ = {isa = PBXFileReference; lastKnownFileType = sourcecode.c.h; path = "T714-best-time-to-buy-and-sell-stock-with-transaction-fee.h"; sourceTree = "<group>"; };
		038BDE08245C085A00AA6763 /* T714-best-time-to-buy-and-sell-stock-with-transaction-fee.c */ = {isa = PBXFileReference; lastKnownFileType = sourcecode.c.c; path = "T714-best-time-to-buy-and-sell-stock-with-transaction-fee.c"; sourceTree = "<group>"; };
		038BDE0A245C08EB00AA6763 /* T674-longest-continuous-increasing-subsequence.h */ = {isa = PBXFileReference; lastKnownFileType = sourcecode.c.h; path = "T674-longest-continuous-increasing-subsequence.h"; sourceTree = "<group>"; };
		038BDE0B245C08EB00AA6763 /* T674-longest-continuous-increasing-subsequence.c */ = {isa = PBXFileReference; lastKnownFileType = sourcecode.c.c; path = "T674-longest-continuous-increasing-subsequence.c"; sourceTree = "<group>"; };
		038BDE0D245C0B3C00AA6763 /* T72-edit-distance.h */ = {isa = PBXFileReference; lastKnownFileType = sourcecode.c.h; path = "T72-edit-distance.h"; sourceTree = "<group>"; };
		038BDE0E245C0B3C00AA6763 /* T72-edit-distance.c */ = {isa = PBXFileReference; lastKnownFileType = sourcecode.c.c; path = "T72-edit-distance.c"; sourceTree = "<group>"; };
		038BDE10245C1CB300AA6763 /* T5-longest-palindromic-substring.h */ = {isa = PBXFileReference; lastKnownFileType = sourcecode.c.h; path = "T5-longest-palindromic-substring.h"; sourceTree = "<group>"; };
		038BDE11245C1CB300AA6763 /* T5-longest-palindromic-substring.c */ = {isa = PBXFileReference; lastKnownFileType = sourcecode.c.c; path = "T5-longest-palindromic-substring.c"; sourceTree = "<group>"; };
		0391E71E24BD97C1007EBA9B /* T120-triangle.h */ = {isa = PBXFileReference; lastKnownFileType = sourcecode.c.h; path = "T120-triangle.h"; sourceTree = "<group>"; };
		0391E71F24BD97C1007EBA9B /* T120-triangle.c */ = {isa = PBXFileReference; lastKnownFileType = sourcecode.c.c; path = "T120-triangle.c"; sourceTree = "<group>"; };
		0391E72124BDE03C007EBA9B /* T83-remove-duplicates-from-sorted-list.h */ = {isa = PBXFileReference; lastKnownFileType = sourcecode.c.h; path = "T83-remove-duplicates-from-sorted-list.h"; sourceTree = "<group>"; };
		0391E72224BDE03C007EBA9B /* T83-remove-duplicates-from-sorted-list.c */ = {isa = PBXFileReference; lastKnownFileType = sourcecode.c.c; path = "T83-remove-duplicates-from-sorted-list.c"; sourceTree = "<group>"; };
		0391E72424BDE248007EBA9B /* T82-remove-duplicates-from-sorted-list-ii.h */ = {isa = PBXFileReference; lastKnownFileType = sourcecode.c.h; path = "T82-remove-duplicates-from-sorted-list-ii.h"; sourceTree = "<group>"; };
		0391E72524BDE248007EBA9B /* T82-remove-duplicates-from-sorted-list-ii.c */ = {isa = PBXFileReference; lastKnownFileType = sourcecode.c.c; path = "T82-remove-duplicates-from-sorted-list-ii.c"; sourceTree = "<group>"; };
		0391E72724BDE80F007EBA9B /* T876-middle-of-the-linked-list.h */ = {isa = PBXFileReference; lastKnownFileType = sourcecode.c.h; path = "T876-middle-of-the-linked-list.h"; sourceTree = "<group>"; };
		0391E72824BDE80F007EBA9B /* T876-middle-of-the-linked-list.c */ = {isa = PBXFileReference; lastKnownFileType = sourcecode.c.c; path = "T876-middle-of-the-linked-list.c"; sourceTree = "<group>"; };
		0396526B245D7AAC008049D8 /* T236-lowest-common-ancestor-of-a-binary-tree.h */ = {isa = PBXFileReference; lastKnownFileType = sourcecode.c.h; path = "T236-lowest-common-ancestor-of-a-binary-tree.h"; sourceTree = "<group>"; };
		0396526C245D7AAC008049D8 /* T236-lowest-common-ancestor-of-a-binary-tree.c */ = {isa = PBXFileReference; lastKnownFileType = sourcecode.c.c; path = "T236-lowest-common-ancestor-of-a-binary-tree.c"; sourceTree = "<group>"; };
		0396526E245D7B46008049D8 /* T68-er-cha-shu-de-zui-jin-gong-gong-zu-xian-lcof.h */ = {isa = PBXFileReference; lastKnownFileType = sourcecode.c.h; path = "T68-er-cha-shu-de-zui-jin-gong-gong-zu-xian-lcof.h"; sourceTree = "<group>"; };
		0396526F245D7B46008049D8 /* T68-er-cha-shu-de-zui-jin-gong-gong-zu-xian-lcof.c */ = {isa = PBXFileReference; lastKnownFileType = sourcecode.c.c; path = "T68-er-cha-shu-de-zui-jin-gong-gong-zu-xian-lcof.c"; sourceTree = "<group>"; };
		03965271245D83D4008049D8 /* T99-recover-binary-search-tree.h */ = {isa = PBXFileReference; lastKnownFileType = sourcecode.c.h; path = "T99-recover-binary-search-tree.h"; sourceTree = "<group>"; };
		03965272245D83D4008049D8 /* T99-recover-binary-search-tree.c */ = {isa = PBXFileReference; lastKnownFileType = sourcecode.c.c; path = "T99-recover-binary-search-tree.c"; sourceTree = "<group>"; };
		03965274245DBDCC008049D8 /* T333-largest-bst-subtree.h */ = {isa = PBXFileReference; lastKnownFileType = sourcecode.c.h; path = "T333-largest-bst-subtree.h"; sourceTree = "<group>"; };
		03965275245DBDCC008049D8 /* T333-largest-bst-subtree.c */ = {isa = PBXFileReference; lastKnownFileType = sourcecode.c.c; path = "T333-largest-bst-subtree.c"; sourceTree = "<group>"; };
		03965279245DD04E008049D8 /* T17-letter-combinations-of-a-phone-number.h */ = {isa = PBXFileReference; lastKnownFileType = sourcecode.c.h; path = "T17-letter-combinations-of-a-phone-number.h"; sourceTree = "<group>"; };
		0396527A245DD04E008049D8 /* T17-letter-combinations-of-a-phone-number.c */ = {isa = PBXFileReference; lastKnownFileType = sourcecode.c.c; path = "T17-letter-combinations-of-a-phone-number.c"; sourceTree = "<group>"; };
		039AD432245E950800A3935C /* T46-permutations.h */ = {isa = PBXFileReference; lastKnownFileType = sourcecode.c.h; path = "T46-permutations.h"; sourceTree = "<group>"; };
		039AD433245E950800A3935C /* T46-permutations.c */ = {isa = PBXFileReference; lastKnownFileType = sourcecode.c.c; path = "T46-permutations.c"; sourceTree = "<group>"; };
		039AD435245EB65D00A3935C /* T47-permutations-ii.h */ = {isa = PBXFileReference; lastKnownFileType = sourcecode.c.h; path = "T47-permutations-ii.h"; sourceTree = "<group>"; };
		039AD436245EB65D00A3935C /* T47-permutations-ii.c */ = {isa = PBXFileReference; lastKnownFileType = sourcecode.c.c; path = "T47-permutations-ii.c"; sourceTree = "<group>"; };
		039AD438245EC55500A3935C /* T22-generate-parentheses.h */ = {isa = PBXFileReference; lastKnownFileType = sourcecode.c.h; path = "T22-generate-parentheses.h"; sourceTree = "<group>"; };
		039AD439245EC55500A3935C /* T22-generate-parentheses.c */ = {isa = PBXFileReference; lastKnownFileType = sourcecode.c.c; path = "T22-generate-parentheses.c"; sourceTree = "<group>"; };
		039AD43B245ED1C700A3935C /* T113-path-sum-ii.h */ = {isa = PBXFileReference; lastKnownFileType = sourcecode.c.h; path = "T113-path-sum-ii.h"; sourceTree = "<group>"; };
		039AD43C245ED1C700A3935C /* T113-path-sum-ii.c */ = {isa = PBXFileReference; lastKnownFileType = sourcecode.c.c; path = "T113-path-sum-ii.c"; sourceTree = "<group>"; };
		039AD43E245ED32A00A3935C /* T39-combination-sum.h */ = {isa = PBXFileReference; lastKnownFileType = sourcecode.c.h; path = "T39-combination-sum.h"; sourceTree = "<group>"; };
		039AD43F245ED32A00A3935C /* T39-combination-sum.c */ = {isa = PBXFileReference; lastKnownFileType = sourcecode.c.c; path = "T39-combination-sum.c"; sourceTree = "<group>"; };
		039AD441245EE5DD00A3935C /* T112-path-sum.h */ = {isa = PBXFileReference; lastKnownFileType = sourcecode.c.h; path = "T112-path-sum.h"; sourceTree = "<group>"; };
		039AD442245EE5DD00A3935C /* T112-path-sum.c */ = {isa = PBXFileReference; lastKnownFileType = sourcecode.c.c; path = "T112-path-sum.c"; sourceTree = "<group>"; };
		039AD444245EE62E00A3935C /* T93-restore-ip-addresses.h */ = {isa = PBXFileReference; lastKnownFileType = sourcecode.c.h; path = "T93-restore-ip-addresses.h"; sourceTree = "<group>"; };
		039AD445245EE62E00A3935C /* T93-restore-ip-addresses.c */ = {isa = PBXFileReference; lastKnownFileType = sourcecode.c.c; path = "T93-restore-ip-addresses.c"; sourceTree = "<group>"; };
		03A21E1924B0B47A00E8055E /* T32-longest-valid-parentheses.h */ = {isa = PBXFileReference; lastKnownFileType = sourcecode.c.h; path = "T32-longest-valid-parentheses.h"; sourceTree = "<group>"; };
		03A21E1A24B0B47A00E8055E /* T32-longest-valid-parentheses.c */ = {isa = PBXFileReference; lastKnownFileType = sourcecode.c.c; path = "T32-longest-valid-parentheses.c"; sourceTree = "<group>"; };
		03A21E5824B1A0E400E8055E /* T44-wildcard-matching.h */ = {isa = PBXFileReference; lastKnownFileType = sourcecode.c.h; path = "T44-wildcard-matching.h"; sourceTree = "<group>"; };
		03A21E5924B1A0E400E8055E /* T44-wildcard-matching.c */ = {isa = PBXFileReference; lastKnownFileType = sourcecode.c.c; path = "T44-wildcard-matching.c"; sourceTree = "<group>"; };
		03A7606324ACC05C00940BC7 /* T509-fibonacci-number.h */ = {isa = PBXFileReference; lastKnownFileType = sourcecode.c.h; path = "T509-fibonacci-number.h"; sourceTree = "<group>"; };
		03A7606424ACC05C00940BC7 /* T509-fibonacci-number.c */ = {isa = PBXFileReference; lastKnownFileType = sourcecode.c.c; path = "T509-fibonacci-number.c"; sourceTree = "<group>"; };
		03A94815246AE4370007C705 /* T124-binary-tree-maximum-path-sum.h */ = {isa = PBXFileReference; lastKnownFileType = sourcecode.c.h; path = "T124-binary-tree-maximum-path-sum.h"; sourceTree = "<group>"; };
		03A94816246AE4370007C705 /* T124-binary-tree-maximum-path-sum.c */ = {isa = PBXFileReference; lastKnownFileType = sourcecode.c.c; path = "T124-binary-tree-maximum-path-sum.c"; sourceTree = "<group>"; };
		03AA31D3244DF66D008B0B20 /* T164-maximum-gap.h */ = {isa = PBXFileReference; lastKnownFileType = sourcecode.c.h; path = "T164-maximum-gap.h"; sourceTree = "<group>"; };
		03AA31D4244DF66D008B0B20 /* T164-maximum-gap.c */ = {isa = PBXFileReference; lastKnownFileType = sourcecode.c.c; path = "T164-maximum-gap.c"; sourceTree = "<group>"; };
		03B262F2247A2F9A00BBD985 /* T322-coin-change.h */ = {isa = PBXFileReference; lastKnownFileType = sourcecode.c.h; path = "T322-coin-change.h"; sourceTree = "<group>"; };
		03B262F3247A2F9A00BBD985 /* T322-coin-change.c */ = {isa = PBXFileReference; lastKnownFileType = sourcecode.c.c; path = "T322-coin-change.c"; sourceTree = "<group>"; };
		03B262F5247A8E1E00BBD985 /* T300-longest-increasing-subsequence.h */ = {isa = PBXFileReference; lastKnownFileType = sourcecode.c.h; path = "T300-longest-increasing-subsequence.h"; sourceTree = "<group>"; };
		03B262F6247A8E1E00BBD985 /* T300-longest-increasing-subsequence.c */ = {isa = PBXFileReference; lastKnownFileType = sourcecode.c.c; path = "T300-longest-increasing-subsequence.c"; sourceTree = "<group>"; };
		03B262F8247A98FB00BBD985 /* T1143-longest-common-subsequence.h */ = {isa = PBXFileReference; lastKnownFileType = sourcecode.c.h; path = "T1143-longest-common-subsequence.h"; sourceTree = "<group>"; };
		03B262F9247A98FB00BBD985 /* T1143-longest-common-subsequence.c */ = {isa = PBXFileReference; lastKnownFileType = sourcecode.c.c; path = "T1143-longest-common-subsequence.c"; sourceTree = "<group>"; };
		03B262FB247AB3DF00BBD985 /* longest-common-substring.h */ = {isa = PBXFileReference; lastKnownFileType = sourcecode.c.h; path = "longest-common-substring.h"; sourceTree = "<group>"; };
		03B262FC247AB3DF00BBD985 /* longest-common-substring.c */ = {isa = PBXFileReference; lastKnownFileType = sourcecode.c.c; path = "longest-common-substring.c"; sourceTree = "<group>"; };
		03BD7E1524B71D6E00C55AA6 /* T17-13-re-space-lcci.h */ = {isa = PBXFileReference; lastKnownFileType = sourcecode.c.h; path = "T17-13-re-space-lcci.h"; sourceTree = "<group>"; };
		03BD7E1624B71D6E00C55AA6 /* T17-13-re-space-lcci.c */ = {isa = PBXFileReference; lastKnownFileType = sourcecode.c.c; path = "T17-13-re-space-lcci.c"; sourceTree = "<group>"; };
		03C8A63724531080001D5584 /* T138-copy-list-with-random-pointer.h */ = {isa = PBXFileReference; lastKnownFileType = sourcecode.c.h; path = "T138-copy-list-with-random-pointer.h"; sourceTree = "<group>"; };
		03C8A63824531080001D5584 /* T138-copy-list-with-random-pointer.c */ = {isa = PBXFileReference; lastKnownFileType = sourcecode.c.c; path = "T138-copy-list-with-random-pointer.c"; sourceTree = "<group>"; };
		03C8A63B245312FC001D5584 /* T155-min-stack.h */ = {isa = PBXFileReference; lastKnownFileType = sourcecode.c.h; path = "T155-min-stack.h"; sourceTree = "<group>"; };
		03C8A63C245312FC001D5584 /* T155-min-stack.c */ = {isa = PBXFileReference; lastKnownFileType = sourcecode.c.c; path = "T155-min-stack.c"; sourceTree = "<group>"; };
		03C8A64024532E5F001D5584 /* T239-sliding-window-maximum.h */ = {isa = PBXFileReference; lastKnownFileType = sourcecode.c.h; path = "T239-sliding-window-maximum.h"; sourceTree = "<group>"; };
		03C8A64124532E5F001D5584 /* T239-sliding-window-maximum.c */ = {isa = PBXFileReference; lastKnownFileType = sourcecode.c.c; path = "T239-sliding-window-maximum.c"; sourceTree = "<group>"; };
		03C8A6432454182D001D5584 /* T654-maximum-binary-tree.h */ = {isa = PBXFileReference; lastKnownFileType = sourcecode.c.h; path = "T654-maximum-binary-tree.h"; sourceTree = "<group>"; };
		03C8A6442454182D001D5584 /* T654-maximum-binary-tree.c */ = {isa = PBXFileReference; lastKnownFileType = sourcecode.c.c; path = "T654-maximum-binary-tree.c"; sourceTree = "<group>"; };
		03C8A6462454260D001D5584 /* stack.h */ = {isa = PBXFileReference; lastKnownFileType = sourcecode.c.h; path = stack.h; sourceTree = "<group>"; };
		03C8A6472454260D001D5584 /* stack.c */ = {isa = PBXFileReference; lastKnownFileType = sourcecode.c.c; path = stack.c; sourceTree = "<group>"; };
		03C8A64924544401001D5584 /* T739-daily-temperatures.h */ = {isa = PBXFileReference; lastKnownFileType = sourcecode.c.h; path = "T739-daily-temperatures.h"; sourceTree = "<group>"; };
		03C8A64A24544401001D5584 /* T739-daily-temperatures.c */ = {isa = PBXFileReference; lastKnownFileType = sourcecode.c.c; path = "T739-daily-temperatures.c"; sourceTree = "<group>"; };
		03C8A64D24546A3C001D5584 /* T01-09-string-rotation-lcci.h */ = {isa = PBXFileReference; lastKnownFileType = sourcecode.c.h; path = "T01-09-string-rotation-lcci.h"; sourceTree = "<group>"; };
		03C8A64E24546A3C001D5584 /* T01-09-string-rotation-lcci.c */ = {isa = PBXFileReference; lastKnownFileType = sourcecode.c.c; path = "T01-09-string-rotation-lcci.c"; sourceTree = "<group>"; };
		03C8A651245474F3001D5584 /* T572-subtree-of-another-tree.h */ = {isa = PBXFileReference; lastKnownFileType = sourcecode.c.h; path = "T572-subtree-of-another-tree.h"; sourceTree = "<group>"; };
		03C8A652245474F3001D5584 /* T572-subtree-of-another-tree.c */ = {isa = PBXFileReference; lastKnownFileType = sourcecode.c.c; path = "T572-subtree-of-another-tree.c"; sourceTree = "<group>"; };
		03D36D65247C0744002C5B4D /* knapsack.h */ = {isa = PBXFileReference; lastKnownFileType = sourcecode.c.h; path = knapsack.h; sourceTree = "<group>"; };
		03D36D66247C0744002C5B4D /* knapsack.c */ = {isa = PBXFileReference; lastKnownFileType = sourcecode.c.c; path = knapsack.c; sourceTree = "<group>"; };
		03D56BFD2462DDAA0074214D /* T42-trapping-rain-water.h */ = {isa = PBXFileReference; lastKnownFileType = sourcecode.c.h; path = "T42-trapping-rain-water.h"; sourceTree = "<group>"; };
		03D56BFE2462DDAA0074214D /* T42-trapping-rain-water.c */ = {isa = PBXFileReference; lastKnownFileType = sourcecode.c.c; path = "T42-trapping-rain-water.c"; sourceTree = "<group>"; };
		03D56C002462F6B00074214D /* T215-kth-largest-element-in-an-array.h */ = {isa = PBXFileReference; lastKnownFileType = sourcecode.c.h; path = "T215-kth-largest-element-in-an-array.h"; sourceTree = "<group>"; };
		03D56C012462F6B00074214D /* T215-kth-largest-element-in-an-array.c */ = {isa = PBXFileReference; lastKnownFileType = sourcecode.c.c; path = "T215-kth-largest-element-in-an-array.c"; sourceTree = "<group>"; };
		03D56C032462F6E80074214D /* T315-count-of-smaller-numbers-after-self.h */ = {isa = PBXFileReference; lastKnownFileType = sourcecode.c.h; path = "T315-count-of-smaller-numbers-after-self.h"; sourceTree = "<group>"; };
		03D56C042462F6E80074214D /* T315-count-of-smaller-numbers-after-self.c */ = {isa = PBXFileReference; lastKnownFileType = sourcecode.c.c; path = "T315-count-of-smaller-numbers-after-self.c"; sourceTree = "<group>"; };
		03D56C062462F7220074214D /* T4-median-of-two-sorted-arrays.h */ = {isa = PBXFileReference; lastKnownFileType = sourcecode.c.h; path = "T4-median-of-two-sorted-arrays.h"; sourceTree = "<group>"; };
		03D56C072462F7220074214D /* T4-median-of-two-sorted-arrays.c */ = {isa = PBXFileReference; lastKnownFileType = sourcecode.c.c; path = "T4-median-of-two-sorted-arrays.c"; sourceTree = "<group>"; };
		03D56C092462F75C0074214D /* T149-max-points-on-a-line.h */ = {isa = PBXFileReference; lastKnownFileType = sourcecode.c.h; path = "T149-max-points-on-a-line.h"; sourceTree = "<group>"; };
		03D56C0A2462F75C0074214D /* T149-max-points-on-a-line.c */ = {isa = PBXFileReference; lastKnownFileType = sourcecode.c.c; path = "T149-max-points-on-a-line.c"; sourceTree = "<group>"; };
		03D56C0C2462F7900074214D /* T200-number-of-islands.h */ = {isa = PBXFileReference; lastKnownFileType = sourcecode.c.h; path = "T200-number-of-islands.h"; sourceTree = "<group>"; };
		03D56C0D2462F7900074214D /* T200-number-of-islands.c */ = {isa = PBXFileReference; lastKnownFileType = sourcecode.c.c; path = "T200-number-of-islands.c"; sourceTree = "<group>"; };
		03DAEFA8246C231300BFEEAA /* T14-flatten-binary-tree-to-linked-list.h */ = {isa = PBXFileReference; lastKnownFileType = sourcecode.c.h; path = "T14-flatten-binary-tree-to-linked-list.h"; sourceTree = "<group>"; };
		03DAEFA9246C231300BFEEAA /* T14-flatten-binary-tree-to-linked-list.c */ = {isa = PBXFileReference; lastKnownFileType = sourcecode.c.c; path = "T14-flatten-binary-tree-to-linked-list.c"; sourceTree = "<group>"; };
		03EE619724B9CDE900909FC8 /* T315-count-of-smaller-numbers-after-self.h */ = {isa = PBXFileReference; lastKnownFileType = sourcecode.c.h; path = "T315-count-of-smaller-numbers-after-self.h"; sourceTree = "<group>"; };
		03EE619824B9CDE900909FC8 /* T315-count-of-smaller-numbers-after-self.c */ = {isa = PBXFileReference; lastKnownFileType = sourcecode.c.c; path = "T315-count-of-smaller-numbers-after-self.c"; sourceTree = "<group>"; };
		03EE619A24BACF6100909FC8 /* T174-dungeon-game.h */ = {isa = PBXFileReference; lastKnownFileType = sourcecode.c.h; path = "T174-dungeon-game.h"; sourceTree = "<group>"; };
		03EE619B24BACF6100909FC8 /* T174-dungeon-game.c */ = {isa = PBXFileReference; lastKnownFileType = sourcecode.c.c; path = "T174-dungeon-game.c"; sourceTree = "<group>"; };
		03F438CF2459BBC800E668AA /* T3-longest-substring-without-repeating-characters.h */ = {isa = PBXFileReference; lastKnownFileType = sourcecode.c.h; path = "T3-longest-substring-without-repeating-characters.h"; sourceTree = "<group>"; };
		03F438D02459BBC800E668AA /* T3-longest-substring-without-repeating-characters.c */ = {isa = PBXFileReference; lastKnownFileType = sourcecode.c.c; path = "T3-longest-substring-without-repeating-characters.c"; sourceTree = "<group>"; };
		03F4B5ED247900CE00072A3D /* T51-n-queens.h */ = {isa = PBXFileReference; lastKnownFileType = sourcecode.c.h; path = "T51-n-queens.h"; sourceTree = "<group>"; };
		03F4B5EE247900CE00072A3D /* T51-n-queens.c */ = {isa = PBXFileReference; lastKnownFileType = sourcecode.c.c; path = "T51-n-queens.c"; sourceTree = "<group>"; };
		03F4B5F02479011900072A3D /* T52-n-queens-ii.h */ = {isa = PBXFileReference; lastKnownFileType = sourcecode.c.h; path = "T52-n-queens-ii.h"; sourceTree = "<group>"; };
		03F4B5F12479011900072A3D /* T52-n-queens-ii.c */ = {isa = PBXFileReference; lastKnownFileType = sourcecode.c.c; path = "T52-n-queens-ii.c"; sourceTree = "<group>"; };
		03F4B5F32479482C00072A3D /* T40-combination-sum-ii.h */ = {isa = PBXFileReference; lastKnownFileType = sourcecode.c.h; path = "T40-combination-sum-ii.h"; sourceTree = "<group>"; };
		03F4B5F42479482C00072A3D /* T40-combination-sum-ii.c */ = {isa = PBXFileReference; lastKnownFileType = sourcecode.c.c; path = "T40-combination-sum-ii.c"; sourceTree = "<group>"; };
		03F4B5F62479487100072A3D /* T78-subsets.h */ = {isa = PBXFileReference; lastKnownFileType = sourcecode.c.h; path = "T78-subsets.h"; sourceTree = "<group>"; };
		03F4B5F72479487100072A3D /* T78-subsets.c */ = {isa = PBXFileReference; lastKnownFileType = sourcecode.c.c; path = "T78-subsets.c"; sourceTree = "<group>"; };
		03F4B5F9247948A500072A3D /* T90-subsets-ii.h */ = {isa = PBXFileReference; lastKnownFileType = sourcecode.c.h; path = "T90-subsets-ii.h"; sourceTree = "<group>"; };
		03F4B5FA247948A500072A3D /* T90-subsets-ii.c */ = {isa = PBXFileReference; lastKnownFileType = sourcecode.c.c; path = "T90-subsets-ii.c"; sourceTree = "<group>"; };
		03F4B5FC24795D2300072A3D /* T455-assign-cookies.h */ = {isa = PBXFileReference; lastKnownFileType = sourcecode.c.h; path = "T455-assign-cookies.h"; sourceTree = "<group>"; };
		03F4B5FD24795D2300072A3D /* T455-assign-cookies.c */ = {isa = PBXFileReference; lastKnownFileType = sourcecode.c.c; path = "T455-assign-cookies.c"; sourceTree = "<group>"; };
		03F4B5FF24795D7600072A3D /* T452-minimum-number-of-arrows-to-burst-balloons.h */ = {isa = PBXFileReference; lastKnownFileType = sourcecode.c.h; path = "T452-minimum-number-of-arrows-to-burst-balloons.h"; sourceTree = "<group>"; };
		03F4B60024795D7600072A3D /* T452-minimum-number-of-arrows-to-burst-balloons.c */ = {isa = PBXFileReference; lastKnownFileType = sourcecode.c.c; path = "T452-minimum-number-of-arrows-to-burst-balloons.c"; sourceTree = "<group>"; };
		03F4B60224795DF200072A3D /* T605-can-place-flowers.h */ = {isa = PBXFileReference; lastKnownFileType = sourcecode.c.h; path = "T605-can-place-flowers.h"; sourceTree = "<group>"; };
		03F4B60324795DF200072A3D /* T605-can-place-flowers.c */ = {isa = PBXFileReference; lastKnownFileType = sourcecode.c.c; path = "T605-can-place-flowers.c"; sourceTree = "<group>"; };
		03F4B60524795E3100072A3D /* T135-candy.h */ = {isa = PBXFileReference; lastKnownFileType = sourcecode.c.h; path = "T135-candy.h"; sourceTree = "<group>"; };
		03F4B60624795E3100072A3D /* T135-candy.c */ = {isa = PBXFileReference; lastKnownFileType = sourcecode.c.c; path = "T135-candy.c"; sourceTree = "<group>"; };
		03F4B6082479626600072A3D /* T53-maximum-subarray.h */ = {isa = PBXFileReference; lastKnownFileType = sourcecode.c.h; path = "T53-maximum-subarray.h"; sourceTree = "<group>"; };
		03F4B6092479626600072A3D /* T53-maximum-subarray.c */ = {isa = PBXFileReference; lastKnownFileType = sourcecode.c.c; path = "T53-maximum-subarray.c"; sourceTree = "<group>"; };
		03F935852450732000FCF702 /* T2-add-two-numbers.h */ = {isa = PBXFileReference; lastKnownFileType = sourcecode.c.h; path = "T2-add-two-numbers.h"; sourceTree = "<group>"; };
		03F935862450732000FCF702 /* T2-add-two-numbers.c */ = {isa = PBXFileReference; lastKnownFileType = sourcecode.c.c; path = "T2-add-two-numbers.c"; sourceTree = "<group>"; };
		03F9358824508A3E00FCF702 /* T160-intersection-of-two-linked-lists.h */ = {isa = PBXFileReference; lastKnownFileType = sourcecode.c.h; path = "T160-intersection-of-two-linked-lists.h"; sourceTree = "<group>"; };
		03F9358924508A3E00FCF702 /* T160-intersection-of-two-linked-lists.c */ = {isa = PBXFileReference; lastKnownFileType = sourcecode.c.c; path = "T160-intersection-of-two-linked-lists.c"; sourceTree = "<group>"; };
/* End PBXFileReference section */

/* Begin PBXFrameworksBuildPhase section */
		0340398C244D300E00896919 /* Frameworks */ = {
			isa = PBXFrameworksBuildPhase;
			buildActionMask = 2147483647;
			files = (
			);
			runOnlyForDeploymentPostprocessing = 0;
		};
/* End PBXFrameworksBuildPhase section */

/* Begin PBXGroup section */
		03403986244D300E00896919 = {
			isa = PBXGroup;
			children = (
				03403991244D300E00896919 /* algorithm */,
				03403990244D300E00896919 /* Products */,
			);
			sourceTree = "<group>";
		};
		03403990244D300E00896919 /* Products */ = {
			isa = PBXGroup;
			children = (
				0340398F244D300E00896919 /* algorithm */,
			);
			name = Products;
			sourceTree = "<group>";
		};
		03403991244D300E00896919 /* algorithm */ = {
			isa = PBXGroup;
			children = (
				032985282469664D00A7D5A8 /* algorithm-common.h */,
				03A7606224ACBFF700940BC7 /* other */,
				03742A002472CFE700C7BFBF /* task */,
				0365A33C246EE11000470862 /* weekly */,
				035D9F68245FD8BC00D22BB8 /* high-frequency */,
				03965277245DCFDA008049D8 /* depth-first-search */,
				03965269245D7A30008049D8 /* binary-tree */,
				038BDDED245BC04000AA6763 /* dynamic-programming */,
				03C8A64C24546956001D5584 /* string */,
				03C8A63A245312DB001D5584 /* stack-queue */,
				035A4027244F352300CAFCCF /* linked-list */,
				03403999244D302A00896919 /* array-sort */,
				03403992244D300E00896919 /* main.c */,
			);
			path = algorithm;
			sourceTree = "<group>";
		};
		03403999244D302A00896919 /* array-sort */ = {
			isa = PBXGroup;
			children = (
				0340399A244D302A00896919 /* T16-sub-sort-lcci.h */,
				0340399D244D302A00896919 /* T16-sub-sort-lcci.c */,
				0340399B244D302A00896919 /* T88-merge-sorted-array.h */,
				0340399E244D302A00896919 /* T88-merge-sorted-array.c */,
				0340399F244D302A00896919 /* T75-sort-colors.h */,
				0340399C244D302A00896919 /* T75-sort-colors.c */,
				03AA31D3244DF66D008B0B20 /* T164-maximum-gap.h */,
				03AA31D4244DF66D008B0B20 /* T164-maximum-gap.c */,
				035A4024244F330900CAFCCF /* T977-squares-of-a-sorted-array.h */,
				035A4025244F330900CAFCCF /* T977-squares-of-a-sorted-array.c */,
			);
			path = "array-sort";
			sourceTree = "<group>";
		};
		035A4027244F352300CAFCCF /* linked-list */ = {
			isa = PBXGroup;
			children = (
				035A4028244F355000CAFCCF /* T203-remove-linked-list-elements.h */,
				035A4029244F355000CAFCCF /* T203-remove-linked-list-elements.c */,
				03F935852450732000FCF702 /* T2-add-two-numbers.h */,
				03F935862450732000FCF702 /* T2-add-two-numbers.c */,
				03F9358824508A3E00FCF702 /* T160-intersection-of-two-linked-lists.h */,
				03F9358924508A3E00FCF702 /* T160-intersection-of-two-linked-lists.c */,
				0300364D2451C7E80026657D /* T86-partition-list.h */,
				0300364E2451C7E80026657D /* T86-partition-list.c */,
				030036502451D0CD0026657D /* T234-palindrome-linked-list.h */,
				030036512451D0CD0026657D /* T234-palindrome-linked-list.c */,
				03C8A63724531080001D5584 /* T138-copy-list-with-random-pointer.h */,
				03C8A63824531080001D5584 /* T138-copy-list-with-random-pointer.c */,
				0344427C24BCA3450030765D /* T237-delete-node-in-a-linked-list.h */,
				0344427D24BCA3450030765D /* T237-delete-node-in-a-linked-list.c */,
				0344427F24BCA7A20030765D /* T206-reverse-linked-list.h */,
				0344428024BCA7A20030765D /* T206-reverse-linked-list.c */,
				0344428224BCB1A10030765D /* T141-linked-list-cycle.h */,
				0344428324BCB1A10030765D /* T141-linked-list-cycle.c */,
				0391E72124BDE03C007EBA9B /* T83-remove-duplicates-from-sorted-list.h */,
				0391E72224BDE03C007EBA9B /* T83-remove-duplicates-from-sorted-list.c */,
				0391E72424BDE248007EBA9B /* T82-remove-duplicates-from-sorted-list-ii.h */,
				0391E72524BDE248007EBA9B /* T82-remove-duplicates-from-sorted-list-ii.c */,
				0391E72724BDE80F007EBA9B /* T876-middle-of-the-linked-list.h */,
				0391E72824BDE80F007EBA9B /* T876-middle-of-the-linked-list.c */,
			);
			path = "linked-list";
			sourceTree = "<group>";
		};
		035D9F68245FD8BC00D22BB8 /* high-frequency */ = {
			isa = PBXGroup;
			children = (
				035D9F6B245FD9B800D22BB8 /* T283-move-zeroes.h */,
				035D9F6C245FD9B800D22BB8 /* T283-move-zeroes.c */,
				035D9F71245FEADA00D22BB8 /* hash_table.h */,
				035D9F72245FEADA00D22BB8 /* hash_table.c */,
				035D9F6E245FE6E700D22BB8 /* T1-two-sum.h */,
				035D9F6F245FE6E700D22BB8 /* T1-two-sum.c */,
				035D9F7424600D2B00D22BB8 /* T15-3sum.h */,
				035D9F7524600D2B00D22BB8 /* T15-3sum.c */,
				035D9F772460292500D22BB8 /* T50-powx-n.h */,
				035D9F782460292500D22BB8 /* T50-powx-n.c */,
				035D9F7A2460597100D22BB8 /* T62-yuan-quan-zhong-zui-hou-sheng-xia-de-shu-zi-lcof.h */,
				035D9F7B2460597100D22BB8 /* T62-yuan-quan-zhong-zui-hou-sheng-xia-de-shu-zi-lcof.c */,
				035D9F7D24606DA100D22BB8 /* T54-spiral-matrix.h */,
				035D9F7E24606DA100D22BB8 /* T54-spiral-matrix.c */,
				035D9F802461093E00D22BB8 /* T146-lru-cache.h */,
				035D9F812461093E00D22BB8 /* T146-lru-cache.c */,
				035D9F832461806700D22BB8 /* T7-reverse-integer.h */,
				035D9F842461806700D22BB8 /* T7-reverse-integer.c */,
				035D9F86246186DB00D22BB8 /* T252-meeting-rooms.h */,
				035D9F87246186DB00D22BB8 /* T252-meeting-rooms.c */,
				035D9F892461916200D22BB8 /* T253-meeting-rooms-ii.h */,
				035D9F8A2461916200D22BB8 /* T253-meeting-rooms-ii.c */,
				035D9F8C2461A27900D22BB8 /* T11-container-with-most-water.h */,
				035D9F8D2461A27900D22BB8 /* T11-container-with-most-water.c */,
				03D56BFD2462DDAA0074214D /* T42-trapping-rain-water.h */,
				03D56BFE2462DDAA0074214D /* T42-trapping-rain-water.c */,
				03D56C002462F6B00074214D /* T215-kth-largest-element-in-an-array.h */,
				03D56C012462F6B00074214D /* T215-kth-largest-element-in-an-array.c */,
				03D56C032462F6E80074214D /* T315-count-of-smaller-numbers-after-self.h */,
				03D56C042462F6E80074214D /* T315-count-of-smaller-numbers-after-self.c */,
				03D56C062462F7220074214D /* T4-median-of-two-sorted-arrays.h */,
				03D56C072462F7220074214D /* T4-median-of-two-sorted-arrays.c */,
				03D56C092462F75C0074214D /* T149-max-points-on-a-line.h */,
				03D56C0A2462F75C0074214D /* T149-max-points-on-a-line.c */,
				03D56C0C2462F7900074214D /* T200-number-of-islands.h */,
				03D56C0D2462F7900074214D /* T200-number-of-islands.c */,
			);
			path = "high-frequency";
			sourceTree = "<group>";
		};
		0365A33C246EE11000470862 /* weekly */ = {
			isa = PBXGroup;
			children = (
				031552F224684B9C001C70B1 /* T150-evaluate-reverse-polish-notation.h */,
				031552F324684B9C001C70B1 /* T150-evaluate-reverse-polish-notation.c */,
				031552EC2467F9C4001C70B1 /* T21-merge-two-sorted-lists.h */,
				031552ED2467F9C4001C70B1 /* T21-merge-two-sorted-lists.c */,
				031552EF246805B2001C70B1 /* T23-merge-k-sorted-lists.h */,
				031552F0246805B2001C70B1 /* T23-merge-k-sorted-lists.c */,
				03298522246965D100A7D5A8 /* T98-validate-binary-search-tree.h */,
				03298523246965D100A7D5A8 /* T98-validate-binary-search-tree.c */,
				03A94815246AE4370007C705 /* T124-binary-tree-maximum-path-sum.h */,
				03A94816246AE4370007C705 /* T124-binary-tree-maximum-path-sum.c */,
				03DAEFA8246C231300BFEEAA /* T14-flatten-binary-tree-to-linked-list.h */,
				03DAEFA9246C231300BFEEAA /* T14-flatten-binary-tree-to-linked-list.c */,
				0365A339246EC82800470862 /* T198-house-robber.h */,
				0365A33A246EC82800470862 /* T198-house-robber.c */,
				0365A33D246EE12A00470862 /* T347-top-k-frequent-elements.h */,
				0365A33E246EE12A00470862 /* T347-top-k-frequent-elements.c */,
				035D21FA246FA6D20020BF33 /* T36-valid-sudoku.h */,
				035D21FB246FA6D20020BF33 /* T36-valid-sudoku.c */,
			);
			path = weekly;
			sourceTree = "<group>";
		};
		03742A002472CFE700C7BFBF /* task */ = {
			isa = PBXGroup;
			children = (
				03742A012472D01500C7BFBF /* T210-course-schedule-ii.h */,
				03742A022472D01500C7BFBF /* T210-course-schedule-ii.c */,
				03F4B5ED247900CE00072A3D /* T51-n-queens.h */,
				03F4B5EE247900CE00072A3D /* T51-n-queens.c */,
				03F4B5F02479011900072A3D /* T52-n-queens-ii.h */,
				03F4B5F12479011900072A3D /* T52-n-queens-ii.c */,
				03F4B5F32479482C00072A3D /* T40-combination-sum-ii.h */,
				03F4B5F42479482C00072A3D /* T40-combination-sum-ii.c */,
				03F4B5F62479487100072A3D /* T78-subsets.h */,
				03F4B5F72479487100072A3D /* T78-subsets.c */,
				03F4B5F9247948A500072A3D /* T90-subsets-ii.h */,
				03F4B5FA247948A500072A3D /* T90-subsets-ii.c */,
				03F4B5FC24795D2300072A3D /* T455-assign-cookies.h */,
				03F4B5FD24795D2300072A3D /* T455-assign-cookies.c */,
				03F4B5FF24795D7600072A3D /* T452-minimum-number-of-arrows-to-burst-balloons.h */,
				03F4B60024795D7600072A3D /* T452-minimum-number-of-arrows-to-burst-balloons.c */,
				03F4B60224795DF200072A3D /* T605-can-place-flowers.h */,
				03F4B60324795DF200072A3D /* T605-can-place-flowers.c */,
				03F4B60524795E3100072A3D /* T135-candy.h */,
				03F4B60624795E3100072A3D /* T135-candy.c */,
				03F4B6082479626600072A3D /* T53-maximum-subarray.h */,
				03F4B6092479626600072A3D /* T53-maximum-subarray.c */,
				03B262F2247A2F9A00BBD985 /* T322-coin-change.h */,
				03B262F3247A2F9A00BBD985 /* T322-coin-change.c */,
				03B262F5247A8E1E00BBD985 /* T300-longest-increasing-subsequence.h */,
				03B262F6247A8E1E00BBD985 /* T300-longest-increasing-subsequence.c */,
				03B262F8247A98FB00BBD985 /* T1143-longest-common-subsequence.h */,
				03B262F9247A98FB00BBD985 /* T1143-longest-common-subsequence.c */,
				03B262FB247AB3DF00BBD985 /* longest-common-substring.h */,
				03B262FC247AB3DF00BBD985 /* longest-common-substring.c */,
				03D36D65247C0744002C5B4D /* knapsack.h */,
				03D36D66247C0744002C5B4D /* knapsack.c */,
			);
			path = task;
			sourceTree = "<group>";
		};
		038BDDED245BC04000AA6763 /* dynamic-programming */ = {
			isa = PBXGroup;
			children = (
				038BDDEE245BC08C00AA6763 /* T47-li-wu-de-zui-da-jie-zhi-lcof.h */,
				038BDDEF245BC08C00AA6763 /* T47-li-wu-de-zui-da-jie-zhi-lcof.c */,
				038BDDF2245BC18900AA6763 /* T64-minimum-path-sum.h */,
				038BDDF3245BC18900AA6763 /* T64-minimum-path-sum.c */,
				038BDDF5245BC1D100AA6763 /* T62-unique-paths.h */,
				038BDDF6245BC1D100AA6763 /* T62-unique-paths.c */,
				038BDE0A245C08EB00AA6763 /* T674-longest-continuous-increasing-subsequence.h */,
				038BDE0B245C08EB00AA6763 /* T674-longest-continuous-increasing-subsequence.c */,
				038BDDF8245C002E00AA6763 /* T121-best-time-to-buy-and-sell-stock.h */,
				038BDDF9245C002E00AA6763 /* T121-best-time-to-buy-and-sell-stock.c */,
				038BDDFE245C079B00AA6763 /* T122-best-time-to-buy-and-sell-stock-ii.h */,
				038BDDFF245C079B00AA6763 /* T122-best-time-to-buy-and-sell-stock-ii.c */,
				038BDE01245C07DD00AA6763 /* T123-best-time-to-buy-and-sell-stock-iii.h */,
				038BDE02245C07DD00AA6763 /* T123-best-time-to-buy-and-sell-stock-iii.c */,
				038BDE04245C082900AA6763 /* T188-best-time-to-buy-and-sell-stock-iv.h */,
				038BDE05245C082900AA6763 /* T188-best-time-to-buy-and-sell-stock-iv.c */,
				038BDE07245C085A00AA6763 /* T714-best-time-to-buy-and-sell-stock-with-transaction-fee.h */,
				038BDE08245C085A00AA6763 /* T714-best-time-to-buy-and-sell-stock-with-transaction-fee.c */,
				038BDDFB245C00F100AA6763 /* T63-gu-piao-de-zui-da-li-run-lcof.h */,
				038BDDFC245C00F100AA6763 /* T63-gu-piao-de-zui-da-li-run-lcof.c */,
				038BDE0D245C0B3C00AA6763 /* T72-edit-distance.h */,
				038BDE0E245C0B3C00AA6763 /* T72-edit-distance.c */,
				038BDE10245C1CB300AA6763 /* T5-longest-palindromic-substring.h */,
				038BDE11245C1CB300AA6763 /* T5-longest-palindromic-substring.c */,
			);
			path = "dynamic-programming";
			sourceTree = "<group>";
		};
		03965269245D7A30008049D8 /* binary-tree */ = {
			isa = PBXGroup;
			children = (
				0396526E245D7B46008049D8 /* T68-er-cha-shu-de-zui-jin-gong-gong-zu-xian-lcof.h */,
				0396526F245D7B46008049D8 /* T68-er-cha-shu-de-zui-jin-gong-gong-zu-xian-lcof.c */,
				0396526B245D7AAC008049D8 /* T236-lowest-common-ancestor-of-a-binary-tree.h */,
				0396526C245D7AAC008049D8 /* T236-lowest-common-ancestor-of-a-binary-tree.c */,
				03965271245D83D4008049D8 /* T99-recover-binary-search-tree.h */,
				03965272245D83D4008049D8 /* T99-recover-binary-search-tree.c */,
				03965274245DBDCC008049D8 /* T333-largest-bst-subtree.h */,
				03965275245DBDCC008049D8 /* T333-largest-bst-subtree.c */,
			);
			path = "binary-tree";
			sourceTree = "<group>";
		};
		03965277245DCFDA008049D8 /* depth-first-search */ = {
			isa = PBXGroup;
			children = (
				03965279245DD04E008049D8 /* T17-letter-combinations-of-a-phone-number.h */,
				0396527A245DD04E008049D8 /* T17-letter-combinations-of-a-phone-number.c */,
				039AD432245E950800A3935C /* T46-permutations.h */,
				039AD433245E950800A3935C /* T46-permutations.c */,
				039AD435245EB65D00A3935C /* T47-permutations-ii.h */,
				039AD436245EB65D00A3935C /* T47-permutations-ii.c */,
				039AD438245EC55500A3935C /* T22-generate-parentheses.h */,
				039AD439245EC55500A3935C /* T22-generate-parentheses.c */,
				039AD441245EE5DD00A3935C /* T112-path-sum.h */,
				039AD442245EE5DD00A3935C /* T112-path-sum.c */,
				039AD43B245ED1C700A3935C /* T113-path-sum-ii.h */,
				039AD43C245ED1C700A3935C /* T113-path-sum-ii.c */,
				039AD43E245ED32A00A3935C /* T39-combination-sum.h */,
				039AD43F245ED32A00A3935C /* T39-combination-sum.c */,
				039AD444245EE62E00A3935C /* T93-restore-ip-addresses.h */,
				039AD445245EE62E00A3935C /* T93-restore-ip-addresses.c */,
			);
			path = "depth-first-search";
			sourceTree = "<group>";
		};
		03A7606224ACBFF700940BC7 /* other */ = {
			isa = PBXGroup;
			children = (
				03A7606324ACC05C00940BC7 /* T509-fibonacci-number.h */,
				03A7606424ACC05C00940BC7 /* T509-fibonacci-number.c */,
				035021F524ADBA210024BD6A /* T378-kth-smallest-element-in-a-sorted-matrix.h */,
				035021F624ADBA210024BD6A /* T378-kth-smallest-element-in-a-sorted-matrix.c */,
				033637DE24AEC31E00DDD1AA /* T108-convert-sorted-array-to-binary-search-tree.h */,
				033637DF24AEC31E00DDD1AA /* T108-convert-sorted-array-to-binary-search-tree.c */,
				033637E124AED01400DDD1AA /* T718-maximum-length-of-repeated-subarray.h */,
				033637E224AED01400DDD1AA /* T718-maximum-length-of-repeated-subarray.c */,
				03A21E1924B0B47A00E8055E /* T32-longest-valid-parentheses.h */,
				03A21E1A24B0B47A00E8055E /* T32-longest-valid-parentheses.c */,
				03A21E5824B1A0E400E8055E /* T44-wildcard-matching.h */,
				03A21E5924B1A0E400E8055E /* T44-wildcard-matching.c */,
				03652F1324B2FC63007D0458 /* T63-unique-paths-ii.h */,
				03652F1424B2FC63007D0458 /* T63-unique-paths-ii.c */,
				0340239D24B4001500294AF7 /* T112-path-sum.h */,
				0340239E24B4001500294AF7 /* T112-path-sum.c */,
				033A4F1D24B5552100B00186 /* T16-11-diving-board-lcci.h */,
				033A4F1E24B5552100B00186 /* T16-11-diving-board-lcci.c */,
				03BD7E1524B71D6E00C55AA6 /* T17-13-re-space-lcci.h */,
				03BD7E1624B71D6E00C55AA6 /* T17-13-re-space-lcci.c */,
				0331BFB924B7FBD5001EC331 /* T309-best-time-to-buy-and-sell-stock-with-cooldown.h */,
				0331BFBA24B7FBD5001EC331 /* T309-best-time-to-buy-and-sell-stock-with-cooldown.c */,
				03EE619724B9CDE900909FC8 /* T315-count-of-smaller-numbers-after-self.h */,
				03EE619824B9CDE900909FC8 /* T315-count-of-smaller-numbers-after-self.c */,
				03EE619A24BACF6100909FC8 /* T174-dungeon-game.h */,
				03EE619B24BACF6100909FC8 /* T174-dungeon-game.c */,
				0344426624BBEB840030765D /* T350-intersection-of-two-arrays-ii.h */,
				0344426724BBEB840030765D /* T350-intersection-of-two-arrays-ii.c */,
				0391E71E24BD97C1007EBA9B /* T120-triangle.h */,
				0391E71F24BD97C1007EBA9B /* T120-triangle.c */,
			);
			path = other;
			sourceTree = "<group>";
		};
		03C8A63A245312DB001D5584 /* stack-queue */ = {
			isa = PBXGroup;
			children = (
				03C8A63B245312FC001D5584 /* T155-min-stack.h */,
				03C8A63C245312FC001D5584 /* T155-min-stack.c */,
				03C8A64024532E5F001D5584 /* T239-sliding-window-maximum.h */,
				03C8A64124532E5F001D5584 /* T239-sliding-window-maximum.c */,
				03C8A6432454182D001D5584 /* T654-maximum-binary-tree.h */,
				03C8A6442454182D001D5584 /* T654-maximum-binary-tree.c */,
				03C8A6462454260D001D5584 /* stack.h */,
				03C8A6472454260D001D5584 /* stack.c */,
				03C8A64924544401001D5584 /* T739-daily-temperatures.h */,
				03C8A64A24544401001D5584 /* T739-daily-temperatures.c */,
			);
			path = "stack-queue";
			sourceTree = "<group>";
		};
		03C8A64C24546956001D5584 /* string */ = {
			isa = PBXGroup;
			children = (
				03C8A64D24546A3C001D5584 /* T01-09-string-rotation-lcci.h */,
				03C8A64E24546A3C001D5584 /* T01-09-string-rotation-lcci.c */,
				03C8A651245474F3001D5584 /* T572-subtree-of-another-tree.h */,
				03C8A652245474F3001D5584 /* T572-subtree-of-another-tree.c */,
				03211BA2245721E400632DD8 /* T242-valid-anagram.h */,
				03211BA3245721E400632DD8 /* T242-valid-anagram.c */,
				0345CF5E2458702700D8E5AE /* T151-reverse-words-in-a-string.h */,
				0345CF5F2458702700D8E5AE /* T151-reverse-words-in-a-string.c */,
				03F438CF2459BBC800E668AA /* T3-longest-substring-without-repeating-characters.h */,
				03F438D02459BBC800E668AA /* T3-longest-substring-without-repeating-characters.c */,
			);
			path = string;
			sourceTree = "<group>";
		};
/* End PBXGroup section */

/* Begin PBXNativeTarget section */
		0340398E244D300E00896919 /* algorithm */ = {
			isa = PBXNativeTarget;
			buildConfigurationList = 03403996244D300E00896919 /* Build configuration list for PBXNativeTarget "algorithm" */;
			buildPhases = (
				0340398B244D300E00896919 /* Sources */,
				0340398C244D300E00896919 /* Frameworks */,
				0340398D244D300E00896919 /* CopyFiles */,
			);
			buildRules = (
			);
			dependencies = (
			);
			name = algorithm;
			productName = algorithm;
			productReference = 0340398F244D300E00896919 /* algorithm */;
			productType = "com.apple.product-type.tool";
		};
/* End PBXNativeTarget section */

/* Begin PBXProject section */
		03403987244D300E00896919 /* Project object */ = {
			isa = PBXProject;
			attributes = {
				LastUpgradeCheck = 1150;
				ORGANIZATIONNAME = Ankui;
				TargetAttributes = {
					0340398E244D300E00896919 = {
						CreatedOnToolsVersion = 11.4.1;
					};
				};
			};
			buildConfigurationList = 0340398A244D300E00896919 /* Build configuration list for PBXProject "algorithm" */;
			compatibilityVersion = "Xcode 9.3";
			developmentRegion = en;
			hasScannedForEncodings = 0;
			knownRegions = (
				en,
				Base,
			);
			mainGroup = 03403986244D300E00896919;
			productRefGroup = 03403990244D300E00896919 /* Products */;
			projectDirPath = "";
			projectRoot = "";
			targets = (
				0340398E244D300E00896919 /* algorithm */,
			);
		};
/* End PBXProject section */

/* Begin PBXSourcesBuildPhase section */
		0340398B244D300E00896919 /* Sources */ = {
			isa = PBXSourcesBuildPhase;
			buildActionMask = 2147483647;
			files = (
				035A4026244F330900CAFCCF /* T977-squares-of-a-sorted-array.c in Sources */,
				039AD434245E950800A3935C /* T46-permutations.c in Sources */,
				035D9F7624600D2B00D22BB8 /* T15-3sum.c in Sources */,
				03F935872450732100FCF702 /* T2-add-two-numbers.c in Sources */,
				034039A2244D302B00896919 /* T88-merge-sorted-array.c in Sources */,
				035D9F8E2461A27900D22BB8 /* T11-container-with-most-water.c in Sources */,
				03D56C082462F7220074214D /* T4-median-of-two-sorted-arrays.c in Sources */,
				039AD43A245EC55500A3935C /* T22-generate-parentheses.c in Sources */,
				038BDE0C245C08EB00AA6763 /* T674-longest-continuous-increasing-subsequence.c in Sources */,
				035D9F792460292500D22BB8 /* T50-powx-n.c in Sources */,
				035D9F6D245FD9B800D22BB8 /* T283-move-zeroes.c in Sources */,
				035D9F8B2461916200D22BB8 /* T253-meeting-rooms-ii.c in Sources */,
				03D56C0B2462F75C0074214D /* T149-max-points-on-a-line.c in Sources */,
				038BDE03245C07DD00AA6763 /* T123-best-time-to-buy-and-sell-stock-iii.c in Sources */,
				0365A33B246EC82800470862 /* T198-house-robber.c in Sources */,
				03C8A64224532E5F001D5584 /* T239-sliding-window-maximum.c in Sources */,
				03965276245DBDCC008049D8 /* T333-largest-bst-subtree.c in Sources */,
				03F4B5F22479011900072A3D /* T52-n-queens-ii.c in Sources */,
				031552EE2467F9C4001C70B1 /* T21-merge-two-sorted-lists.c in Sources */,
				03C8A63924531081001D5584 /* T138-copy-list-with-random-pointer.c in Sources */,
				03D56BFF2462DDAA0074214D /* T42-trapping-rain-water.c in Sources */,
				03DAEFAA246C231300BFEEAA /* T14-flatten-binary-tree-to-linked-list.c in Sources */,
				03AA31D5244DF66D008B0B20 /* T164-maximum-gap.c in Sources */,
				034039A0244D302A00896919 /* T75-sort-colors.c in Sources */,
				038BDE09245C085A00AA6763 /* T714-best-time-to-buy-and-sell-stock-with-transaction-fee.c in Sources */,
				03965270245D7B46008049D8 /* T68-er-cha-shu-de-zui-jin-gong-gong-zu-xian-lcof.c in Sources */,
				039AD443245EE5DD00A3935C /* T112-path-sum.c in Sources */,
				03298524246965D100A7D5A8 /* T98-validate-binary-search-tree.c in Sources */,
				035D21FC246FA6D20020BF33 /* T36-valid-sudoku.c in Sources */,
				033637E024AEC31E00DDD1AA /* T108-convert-sorted-array-to-binary-search-tree.c in Sources */,
				0344427E24BCA3450030765D /* T237-delete-node-in-a-linked-list.c in Sources */,
				038BDDF0245BC08C00AA6763 /* T47-li-wu-de-zui-da-jie-zhi-lcof.c in Sources */,
				0396527B245DD04E008049D8 /* T17-letter-combinations-of-a-phone-number.c in Sources */,
				035D9F852461806700D22BB8 /* T7-reverse-integer.c in Sources */,
				03C8A653245474F3001D5584 /* T572-subtree-of-another-tree.c in Sources */,
				03403993244D300E00896919 /* main.c in Sources */,
				03F9358A24508A3E00FCF702 /* T160-intersection-of-two-linked-lists.c in Sources */,
				0340239F24B4001500294AF7 /* T112-path-sum.c in Sources */,
				03B262FD247AB3DF00BBD985 /* longest-common-substring.c in Sources */,
				039AD43D245ED1C700A3935C /* T113-path-sum-ii.c in Sources */,
				038BDE0F245C0B3C00AA6763 /* T72-edit-distance.c in Sources */,
				0391E72624BDE248007EBA9B /* T82-remove-duplicates-from-sorted-list-ii.c in Sources */,
				035A402A244F355000CAFCCF /* T203-remove-linked-list-elements.c in Sources */,
				038BDE12245C1CB300AA6763 /* T5-longest-palindromic-substring.c in Sources */,
				03C8A6452454182D001D5584 /* T654-maximum-binary-tree.c in Sources */,
				033637E324AED01400DDD1AA /* T718-maximum-length-of-repeated-subarray.c in Sources */,
				03EE619C24BACF6100909FC8 /* T174-dungeon-game.c in Sources */,
				03F4B60124795D7600072A3D /* T452-minimum-number-of-arrows-to-burst-balloons.c in Sources */,
				03D56C0E2462F7900074214D /* T200-number-of-islands.c in Sources */,
				031552F424684B9C001C70B1 /* T150-evaluate-reverse-polish-notation.c in Sources */,
				0396526D245D7AAC008049D8 /* T236-lowest-common-ancestor-of-a-binary-tree.c in Sources */,
				0391E72024BD97C1007EBA9B /* T120-triangle.c in Sources */,
				03B262F4247A2F9A00BBD985 /* T322-coin-change.c in Sources */,
				03F4B5FB247948A500072A3D /* T90-subsets-ii.c in Sources */,
				035D9F70245FE6E700D22BB8 /* T1-two-sum.c in Sources */,
				03C8A64B24544401001D5584 /* T739-daily-temperatures.c in Sources */,
				0345CF602458702700D8E5AE /* T151-reverse-words-in-a-string.c in Sources */,
				03A21E1B24B0B47A00E8055E /* T32-longest-valid-parentheses.c in Sources */,
				03D56C052462F6E80074214D /* T315-count-of-smaller-numbers-after-self.c in Sources */,
				035021F724ADBA210024BD6A /* T378-kth-smallest-element-in-a-sorted-matrix.c in Sources */,
				038BDDF7245BC1D100AA6763 /* T62-unique-paths.c in Sources */,
				035D9F7C2460597100D22BB8 /* T62-yuan-quan-zhong-zui-hou-sheng-xia-de-shu-zi-lcof.c in Sources */,
				039AD440245ED32A00A3935C /* T39-combination-sum.c in Sources */,
				038BDE00245C079B00AA6763 /* T122-best-time-to-buy-and-sell-stock-ii.c in Sources */,
				03F4B5FE24795D2300072A3D /* T455-assign-cookies.c in Sources */,
				035D9F88246186DB00D22BB8 /* T252-meeting-rooms.c in Sources */,
				0344426824BBEB840030765D /* T350-intersection-of-two-arrays-ii.c in Sources */,
				035D9F73245FEADA00D22BB8 /* hash_table.c in Sources */,
				03742A032472D01500C7BFBF /* T210-course-schedule-ii.c in Sources */,
				03A94817246AE4370007C705 /* T124-binary-tree-maximum-path-sum.c in Sources */,
				03F4B60424795DF200072A3D /* T605-can-place-flowers.c in Sources */,
				03A21E5A24B1A0E400E8055E /* T44-wildcard-matching.c in Sources */,
				03BD7E1724B71D6E00C55AA6 /* T17-13-re-space-lcci.c in Sources */,
				034039A1244D302B00896919 /* T16-sub-sort-lcci.c in Sources */,
				03F4B60A2479626600072A3D /* T53-maximum-subarray.c in Sources */,
				038BDDFD245C00F100AA6763 /* T63-gu-piao-de-zui-da-li-run-lcof.c in Sources */,
				031552F1246805B2001C70B1 /* T23-merge-k-sorted-lists.c in Sources */,
				03C8A63D245312FC001D5584 /* T155-min-stack.c in Sources */,
				03B262FA247A98FB00BBD985 /* T1143-longest-common-subsequence.c in Sources */,
				0331BFBB24B7FBD5001EC331 /* T309-best-time-to-buy-and-sell-stock-with-cooldown.c in Sources */,
				038BDE06245C082900AA6763 /* T188-best-time-to-buy-and-sell-stock-iv.c in Sources */,
				03D36D67247C0744002C5B4D /* knapsack.c in Sources */,
				0344428124BCA7A20030765D /* T206-reverse-linked-list.c in Sources */,
				03F4B5F52479482C00072A3D /* T40-combination-sum-ii.c in Sources */,
				03F4B5F82479487100072A3D /* T78-subsets.c in Sources */,
				03A7606524ACC05C00940BC7 /* T509-fibonacci-number.c in Sources */,
				035D9F822461093E00D22BB8 /* T146-lru-cache.c in Sources */,
				0300364F2451C7E80026657D /* T86-partition-list.c in Sources */,
				038BDDF4245BC18900AA6763 /* T64-minimum-path-sum.c in Sources */,
				03D56C022462F6B00074214D /* T215-kth-largest-element-in-an-array.c in Sources */,
				039AD446245EE62E00A3935C /* T93-restore-ip-addresses.c in Sources */,
				0391E72324BDE03C007EBA9B /* T83-remove-duplicates-from-sorted-list.c in Sources */,
				03965273245D83D4008049D8 /* T99-recover-binary-search-tree.c in Sources */,
				03652F1524B2FC63007D0458 /* T63-unique-paths-ii.c in Sources */,
				03C8A6482454260D001D5584 /* stack.c in Sources */,
				039AD437245EB65D00A3935C /* T47-permutations-ii.c in Sources */,
				03B262F7247A8E1E00BBD985 /* T300-longest-increasing-subsequence.c in Sources */,
				033A4F1F24B5552100B00186 /* T16-11-diving-board-lcci.c in Sources */,
				0391E72924BDE80F007EBA9B /* T876-middle-of-the-linked-list.c in Sources */,
				035D9F7F24606DA100D22BB8 /* T54-spiral-matrix.c in Sources */,
				0365A33F246EE12A00470862 /* T347-top-k-frequent-elements.c in Sources */,
				03F4B5EF247900CE00072A3D /* T51-n-queens.c in Sources */,
				03C8A64F24546A3C001D5584 /* T01-09-string-rotation-lcci.c in Sources */,
				03211BA4245721E400632DD8 /* T242-valid-anagram.c in Sources */,
				03F4B60724795E3100072A3D /* T135-candy.c in Sources */,
				0344428424BCB1A10030765D /* T141-linked-list-cycle.c in Sources */,
				03EE619924B9CDE900909FC8 /* T315-count-of-smaller-numbers-after-self.c in Sources */,
				038BDDFA245C002E00AA6763 /* T121-best-time-to-buy-and-sell-stock.c in Sources */,
				03F438D12459BBC800E668AA /* T3-longest-substring-without-repeating-characters.c in Sources */,
				030036522451D0CD0026657D /* T234-palindrome-linked-list.c in Sources */,
			);
			runOnlyForDeploymentPostprocessing = 0;
		};
/* End PBXSourcesBuildPhase section */

/* Begin XCBuildConfiguration section */
		03403994244D300E00896919 /* Debug */ = {
			isa = XCBuildConfiguration;
			buildSettings = {
				ALWAYS_SEARCH_USER_PATHS = NO;
				CLANG_ANALYZER_NONNULL = YES;
				CLANG_ANALYZER_NUMBER_OBJECT_CONVERSION = YES_AGGRESSIVE;
				CLANG_CXX_LANGUAGE_STANDARD = "gnu++14";
				CLANG_CXX_LIBRARY = "libc++";
				CLANG_ENABLE_MODULES = YES;
				CLANG_ENABLE_OBJC_ARC = YES;
				CLANG_ENABLE_OBJC_WEAK = YES;
				CLANG_WARN_BLOCK_CAPTURE_AUTORELEASING = YES;
				CLANG_WARN_BOOL_CONVERSION = YES;
				CLANG_WARN_COMMA = YES;
				CLANG_WARN_CONSTANT_CONVERSION = YES;
				CLANG_WARN_DEPRECATED_OBJC_IMPLEMENTATIONS = YES;
				CLANG_WARN_DIRECT_OBJC_ISA_USAGE = YES_ERROR;
				CLANG_WARN_DOCUMENTATION_COMMENTS = YES;
				CLANG_WARN_EMPTY_BODY = YES;
				CLANG_WARN_ENUM_CONVERSION = YES;
				CLANG_WARN_INFINITE_RECURSION = YES;
				CLANG_WARN_INT_CONVERSION = YES;
				CLANG_WARN_NON_LITERAL_NULL_CONVERSION = YES;
				CLANG_WARN_OBJC_IMPLICIT_RETAIN_SELF = YES;
				CLANG_WARN_OBJC_LITERAL_CONVERSION = YES;
				CLANG_WARN_OBJC_ROOT_CLASS = YES_ERROR;
				CLANG_WARN_RANGE_LOOP_ANALYSIS = YES;
				CLANG_WARN_STRICT_PROTOTYPES = YES;
				CLANG_WARN_SUSPICIOUS_MOVE = YES;
				CLANG_WARN_UNGUARDED_AVAILABILITY = YES_AGGRESSIVE;
				CLANG_WARN_UNREACHABLE_CODE = YES;
				CLANG_WARN__DUPLICATE_METHOD_MATCH = YES;
				COPY_PHASE_STRIP = NO;
				DEBUG_INFORMATION_FORMAT = dwarf;
				ENABLE_STRICT_OBJC_MSGSEND = YES;
				ENABLE_TESTABILITY = YES;
				GCC_C_LANGUAGE_STANDARD = gnu11;
				GCC_DYNAMIC_NO_PIC = NO;
				GCC_NO_COMMON_BLOCKS = YES;
				GCC_OPTIMIZATION_LEVEL = 0;
				GCC_PREPROCESSOR_DEFINITIONS = (
					"DEBUG=1",
					"$(inherited)",
				);
				GCC_WARN_64_TO_32_BIT_CONVERSION = YES;
				GCC_WARN_ABOUT_RETURN_TYPE = YES_ERROR;
				GCC_WARN_UNDECLARED_SELECTOR = YES;
				GCC_WARN_UNINITIALIZED_AUTOS = YES_AGGRESSIVE;
				GCC_WARN_UNUSED_FUNCTION = YES;
				GCC_WARN_UNUSED_VARIABLE = YES;
				MACOSX_DEPLOYMENT_TARGET = 10.15;
				MTL_ENABLE_DEBUG_INFO = INCLUDE_SOURCE;
				MTL_FAST_MATH = YES;
				ONLY_ACTIVE_ARCH = YES;
				SDKROOT = macosx;
			};
			name = Debug;
		};
		03403995244D300E00896919 /* Release */ = {
			isa = XCBuildConfiguration;
			buildSettings = {
				ALWAYS_SEARCH_USER_PATHS = NO;
				CLANG_ANALYZER_NONNULL = YES;
				CLANG_ANALYZER_NUMBER_OBJECT_CONVERSION = YES_AGGRESSIVE;
				CLANG_CXX_LANGUAGE_STANDARD = "gnu++14";
				CLANG_CXX_LIBRARY = "libc++";
				CLANG_ENABLE_MODULES = YES;
				CLANG_ENABLE_OBJC_ARC = YES;
				CLANG_ENABLE_OBJC_WEAK = YES;
				CLANG_WARN_BLOCK_CAPTURE_AUTORELEASING = YES;
				CLANG_WARN_BOOL_CONVERSION = YES;
				CLANG_WARN_COMMA = YES;
				CLANG_WARN_CONSTANT_CONVERSION = YES;
				CLANG_WARN_DEPRECATED_OBJC_IMPLEMENTATIONS = YES;
				CLANG_WARN_DIRECT_OBJC_ISA_USAGE = YES_ERROR;
				CLANG_WARN_DOCUMENTATION_COMMENTS = YES;
				CLANG_WARN_EMPTY_BODY = YES;
				CLANG_WARN_ENUM_CONVERSION = YES;
				CLANG_WARN_INFINITE_RECURSION = YES;
				CLANG_WARN_INT_CONVERSION = YES;
				CLANG_WARN_NON_LITERAL_NULL_CONVERSION = YES;
				CLANG_WARN_OBJC_IMPLICIT_RETAIN_SELF = YES;
				CLANG_WARN_OBJC_LITERAL_CONVERSION = YES;
				CLANG_WARN_OBJC_ROOT_CLASS = YES_ERROR;
				CLANG_WARN_RANGE_LOOP_ANALYSIS = YES;
				CLANG_WARN_STRICT_PROTOTYPES = YES;
				CLANG_WARN_SUSPICIOUS_MOVE = YES;
				CLANG_WARN_UNGUARDED_AVAILABILITY = YES_AGGRESSIVE;
				CLANG_WARN_UNREACHABLE_CODE = YES;
				CLANG_WARN__DUPLICATE_METHOD_MATCH = YES;
				COPY_PHASE_STRIP = NO;
				DEBUG_INFORMATION_FORMAT = "dwarf-with-dsym";
				ENABLE_NS_ASSERTIONS = NO;
				ENABLE_STRICT_OBJC_MSGSEND = YES;
				GCC_C_LANGUAGE_STANDARD = gnu11;
				GCC_NO_COMMON_BLOCKS = YES;
				GCC_WARN_64_TO_32_BIT_CONVERSION = YES;
				GCC_WARN_ABOUT_RETURN_TYPE = YES_ERROR;
				GCC_WARN_UNDECLARED_SELECTOR = YES;
				GCC_WARN_UNINITIALIZED_AUTOS = YES_AGGRESSIVE;
				GCC_WARN_UNUSED_FUNCTION = YES;
				GCC_WARN_UNUSED_VARIABLE = YES;
				MACOSX_DEPLOYMENT_TARGET = 10.15;
				MTL_ENABLE_DEBUG_INFO = NO;
				MTL_FAST_MATH = YES;
				SDKROOT = macosx;
			};
			name = Release;
		};
		03403997244D300E00896919 /* Debug */ = {
			isa = XCBuildConfiguration;
			buildSettings = {
				CODE_SIGN_IDENTITY = "-";
				CODE_SIGN_STYLE = Automatic;
				PRODUCT_NAME = "$(TARGET_NAME)";
			};
			name = Debug;
		};
		03403998244D300E00896919 /* Release */ = {
			isa = XCBuildConfiguration;
			buildSettings = {
				CODE_SIGN_IDENTITY = "-";
				CODE_SIGN_STYLE = Automatic;
				PRODUCT_NAME = "$(TARGET_NAME)";
			};
			name = Release;
		};
/* End XCBuildConfiguration section */

/* Begin XCConfigurationList section */
		0340398A244D300E00896919 /* Build configuration list for PBXProject "algorithm" */ = {
			isa = XCConfigurationList;
			buildConfigurations = (
				03403994244D300E00896919 /* Debug */,
				03403995244D300E00896919 /* Release */,
			);
			defaultConfigurationIsVisible = 0;
			defaultConfigurationName = Release;
		};
		03403996244D300E00896919 /* Build configuration list for PBXNativeTarget "algorithm" */ = {
			isa = XCConfigurationList;
			buildConfigurations = (
				03403997244D300E00896919 /* Debug */,
				03403998244D300E00896919 /* Release */,
			);
			defaultConfigurationIsVisible = 0;
			defaultConfigurationName = Release;
		};
/* End XCConfigurationList section */
	};
	rootObject = 03403987244D300E00896919 /* Project object */;
}
